// !$*UTF8*$!
{
	archiveVersion = 1;
	classes = {
	};
	objectVersion = 56;
	objects = {

/* Begin PBXBuildFile section */
		A2616A93F5224C60BF434DA7 /* CollapsedNotchView.swift in Sources */ = {isa = PBXBuildFile; fileRef = 8544A9F15C2841BD98CAD306 /* CollapsedNotchView.swift */; };
		F00E9C4BCCF84998AA6F9CDC /* ExpandedNotchView.swift in Sources */ = {isa = PBXBuildFile; fileRef = 54906BB6F39C40D9BBAB6CF4 /* ExpandedNotchView.swift */; };
		5CFC798417574C67B9FEEBC5 /* NotchPanel.swift in Sources */ = {isa = PBXBuildFile; fileRef = F671F9CB9B40458B8AA51CAA /* NotchPanel.swift */; };
		CA13F7B6B12745B3BCFC6421 /* NotchShape.swift in Sources */ = {isa = PBXBuildFile; fileRef = E82B9F98B1D2463C8052694C /* NotchShape.swift */; };
		29ADF69537A948B988BE49EC /* NotchView.swift in Sources */ = {isa = PBXBuildFile; fileRef = 08465F9EE00A458EA884F5CE /* NotchView.swift */; };
		3C4DC092202B4381A36834FB /* MediaRemoteNowPlayingProvider.swift in Sources */ = {isa = PBXBuildFile; fileRef = A67D0587D5964FF7BEBDB8D4 /* MediaRemoteNowPlayingProvider.swift */; };
		A05DD194D3C44BDC9F73B6CC /* MusicStudioNowPlayingProvider.swift in Sources */ = {isa = PBXBuildFile; fileRef = 93AF0ACF88C74BC689DAACAD /* MusicStudioNowPlayingProvider.swift */; };
		7A1F3EF61687486FA5869E64 /* MusicView.swift in Sources */ = {isa = PBXBuildFile; fileRef = 6C708682D1CC473F84B4353A /* MusicView.swift */; };
		1352D64437A44C80B7A6D5C8 /* NowPlayingService.swift in Sources */ = {isa = PBXBuildFile; fileRef = 20715A447F8C46D68EADC4B8 /* NowPlayingService.swift */; };
		E47F30B61B5B459E965F046C /* SystemNowPlayingService.swift in Sources */ = {isa = PBXBuildFile; fileRef = C77BB393FFF648D399A0CB1B /* SystemNowPlayingService.swift */; };
		FFBDAC01E2E64BD29414ADFA /* Track.swift in Sources */ = {isa = PBXBuildFile; fileRef = CC09D6D032A14D94A5ADC415 /* Track.swift */; };
		01C1588F68C844E0B79A2649 /* SettingsStore.swift in Sources */ = {isa = PBXBuildFile; fileRef = 68B9BC18B3144C55A8E0CAD9 /* SettingsStore.swift */; };
		27F2D05C00734DEC911E388A /* SettingsView.swift in Sources */ = {isa = PBXBuildFile; fileRef = 2EE40BC7A0B94DAEB76C16CD /* SettingsView.swift */; };
		BA08DB9533324349A9255139 /* SettingsWindowController.swift in Sources */ = {isa = PBXBuildFile; fileRef = 6AA995662CA845E5B2B7635D /* SettingsWindowController.swift */; };
		B450D35B502F440DA48C4F52 /* AppState.swift in Sources */ = {isa = PBXBuildFile; fileRef = 95B8334CB418479DB52AFF79 /* AppState.swift */; };
		F5FD16816E3849ADADB56EEE /* CoordinateConverter.swift in Sources */ = {isa = PBXBuildFile; fileRef = 21CE44CDE81A4042A2748DBB /* CoordinateConverter.swift */; };
		AF6564F71FC64BA28CEEA8A3 /* DisplayCapabilities.swift in Sources */ = {isa = PBXBuildFile; fileRef = F6DB716494D341A2809783DE /* DisplayCapabilities.swift */; };
		8F331CA413334924ABC65C5F /* GeometryOverlayWindow.swift in Sources */ = {isa = PBXBuildFile; fileRef = E903BC9E211C4367A8357BCE /* GeometryOverlayWindow.swift */; };
		FB4998424B914C4F845D4ED5 /* MouseTracker.swift in Sources */ = {isa = PBXBuildFile; fileRef = E3C4486B7FE447EC9C31EA00 /* MouseTracker.swift */; };
		58E221B8E9E149F68E414FDC /* NotchDetector.swift in Sources */ = {isa = PBXBuildFile; fileRef = 9657EA88EF2A4F3E9DD64B1F /* NotchDetector.swift */; };
		5416B5D4D839495A96D5C536 /* NotchGeometry.swift in Sources */ = {isa = PBXBuildFile; fileRef = 6FB663B9EF0B440BABF2384E /* NotchGeometry.swift */; };
		41240A42B6F2411FA38C8CE6 /* ScreenManager.swift in Sources */ = {isa = PBXBuildFile; fileRef = 1C4D2FEDF80A4930AA906B93 /* ScreenManager.swift */; };
		F7076EEBFAFF4545A79CC4EC /* WindowManager.swift in Sources */ = {isa = PBXBuildFile; fileRef = E294508857F4499AB2E51084 /* WindowManager.swift */; };
		AB363234FC514CC68083BC41 /* AppDelegate.swift in Sources */ = {isa = PBXBuildFile; fileRef = C176A946351C4B72B58A36D3 /* AppDelegate.swift */; };
		989B123CDEDD452B89E0753F /* MacNotchApp.swift in Sources */ = {isa = PBXBuildFile; fileRef = 22CD306C58714B5A80C0CD57 /* MacNotchApp.swift */; };
		2D0E8005E8E54A2697B7E575 /* MenuBarManager.swift in Sources */ = {isa = PBXBuildFile; fileRef = 6755F2AFC4414EB0B31CA740 /* MenuBarManager.swift */; };
		CCC04B907AF5476BB2A1E050 /* DesignSystem.swift in Sources */ = {isa = PBXBuildFile; fileRef = F3C48046B7CB4528AD134ACC /* DesignSystem.swift */; };
		2CA35766D957409E909B6602 /* Extensions.swift in Sources */ = {isa = PBXBuildFile; fileRef = 042741B02A5540688EC63C93 /* Extensions.swift */; };
		191A6EB529284ACD9F3C7C9D /* CalendarView.swift in Sources */ = {isa = PBXBuildFile; fileRef = FB3138F242B04264B273AF64 /* CalendarView.swift */; };
		640BA9F056F04301874A9CBD /* TimeService.swift in Sources */ = {isa = PBXBuildFile; fileRef = F5E3487CF2AC4254B73A9959 /* TimeService.swift */; };
		1347E7810B3C4650963933D7 /* TimeView.swift in Sources */ = {isa = PBXBuildFile; fileRef = 0FBB30B1A98443D5BFF7FFB9 /* TimeView.swift */; };
		31760660B786451ABF456EA3 /* WeatherModel.swift in Sources */ = {isa = PBXBuildFile; fileRef = 19ECB73C94744D5EB92CCA22 /* WeatherModel.swift */; };
		4BACF1F2CBE542EB9666BAA5 /* WeatherService.swift in Sources */ = {isa = PBXBuildFile; fileRef = E8E6729E2285450C909AE307 /* WeatherService.swift */; };
		5BB999EEDB744A7795BAA298 /* WeatherView.swift in Sources */ = {isa = PBXBuildFile; fileRef = 4C90DB0DC82B42ABBB0B807F /* WeatherView.swift */; };
		5AB1F5E3C3364EF9A344F823 /* ClipboardCardView.swift in Sources */ = {isa = PBXBuildFile; fileRef = 8F5FF1E9D548441F84E40118 /* ClipboardCardView.swift */; };
		2A58C4E8DBF74194852DCF4F /* ClipboardCategory.swift in Sources */ = {isa = PBXBuildFile; fileRef = 8B792AD195384F7196CC2B9E /* ClipboardCategory.swift */; };
		FFBB5BC67D034A0C86C4D492 /* ClipboardCategoryBar.swift in Sources */ = {isa = PBXBuildFile; fileRef = F8988D446EDA4DE68F529C80 /* ClipboardCategoryBar.swift */; };
		7362D1951F4A4B83A378AA97 /* ClipboardDetailView.swift in Sources */ = {isa = PBXBuildFile; fileRef = 184B61ED8BA94C8C89C9199B /* ClipboardDetailView.swift */; };
		4BA7390C6E384D788A132160 /* ClipboardDuplicatePolicy.swift in Sources */ = {isa = PBXBuildFile; fileRef = 329DC2F8229E4BBD9EA96E75 /* ClipboardDuplicatePolicy.swift */; };
		A690FB086ECE43E7BCDC66F8 /* ClipboardItem.swift in Sources */ = {isa = PBXBuildFile; fileRef = C240D55A5EC84173A9F525AD /* ClipboardItem.swift */; };
		57E4D517725B478E825E2018 /* ClipboardManager.swift in Sources */ = {isa = PBXBuildFile; fileRef = 848323BDDB3F4510B85DA256 /* ClipboardManager.swift */; };
		5182DA1B019248A69C8C7913 /* ClipboardPreviewProvider.swift in Sources */ = {isa = PBXBuildFile; fileRef = 1DBC549F8FEF44FD96DF6C52 /* ClipboardPreviewProvider.swift */; };
		9195DA3B0E8D4AD69F4AF295 /* ClipboardSearchBar.swift in Sources */ = {isa = PBXBuildFile; fileRef = 03BAF217DD6C423CA5C3D2A6 /* ClipboardSearchBar.swift */; };
		2F9D232F6D7249089BEB5FB2 /* ClipboardSearchEngine.swift in Sources */ = {isa = PBXBuildFile; fileRef = E7154959272B451AA2259780 /* ClipboardSearchEngine.swift */; };
		8AE5CA53DEDE47F2A028DEE3 /* ClipboardStore.swift in Sources */ = {isa = PBXBuildFile; fileRef = 9DFB0593C70D49B7BEE72F24 /* ClipboardStore.swift */; };
		593999E3DDE94489AF1656DD /* ClipboardView.swift in Sources */ = {isa = PBXBuildFile; fileRef = 0BDBB059FCC04404B5BD3EB3 /* ClipboardView.swift */; };
/* End PBXBuildFile section */

/* Begin PBXFileReference section */
		8544A9F15C2841BD98CAD306 /* CollapsedNotchView.swift */ = {isa = PBXFileReference; lastKnownFileType = sourcecode.swift; path = "Sources/MacNotch/Notch/CollapsedNotchView.swift"; sourceTree = "<group>"; };
		54906BB6F39C40D9BBAB6CF4 /* ExpandedNotchView.swift */ = {isa = PBXFileReference; lastKnownFileType = sourcecode.swift; path = "Sources/MacNotch/Notch/ExpandedNotchView.swift"; sourceTree = "<group>"; };
		F671F9CB9B40458B8AA51CAA /* NotchPanel.swift */ = {isa = PBXFileReference; lastKnownFileType = sourcecode.swift; path = "Sources/MacNotch/Notch/NotchPanel.swift"; sourceTree = "<group>"; };
		E82B9F98B1D2463C8052694C /* NotchShape.swift */ = {isa = PBXFileReference; lastKnownFileType = sourcecode.swift; path = "Sources/MacNotch/Notch/NotchShape.swift"; sourceTree = "<group>"; };
		08465F9EE00A458EA884F5CE /* NotchView.swift */ = {isa = PBXFileReference; lastKnownFileType = sourcecode.swift; path = "Sources/MacNotch/Notch/NotchView.swift"; sourceTree = "<group>"; };
		A67D0587D5964FF7BEBDB8D4 /* MediaRemoteNowPlayingProvider.swift */ = {isa = PBXFileReference; lastKnownFileType = sourcecode.swift; path = "Sources/MacNotch/Music/MediaRemoteNowPlayingProvider.swift"; sourceTree = "<group>"; };
		93AF0ACF88C74BC689DAACAD /* MusicStudioNowPlayingProvider.swift */ = {isa = PBXFileReference; lastKnownFileType = sourcecode.swift; path = "Sources/MacNotch/Music/MusicStudioNowPlayingProvider.swift"; sourceTree = "<group>"; };
		6C708682D1CC473F84B4353A /* MusicView.swift */ = {isa = PBXFileReference; lastKnownFileType = sourcecode.swift; path = "Sources/MacNotch/Music/MusicView.swift"; sourceTree = "<group>"; };
		20715A447F8C46D68EADC4B8 /* NowPlayingService.swift */ = {isa = PBXFileReference; lastKnownFileType = sourcecode.swift; path = "Sources/MacNotch/Music/NowPlayingService.swift"; sourceTree = "<group>"; };
		C77BB393FFF648D399A0CB1B /* SystemNowPlayingService.swift */ = {isa = PBXFileReference; lastKnownFileType = sourcecode.swift; path = "Sources/MacNotch/Music/SystemNowPlayingService.swift"; sourceTree = "<group>"; };
		CC09D6D032A14D94A5ADC415 /* Track.swift */ = {isa = PBXFileReference; lastKnownFileType = sourcecode.swift; path = "Sources/MacNotch/Music/Track.swift"; sourceTree = "<group>"; };
		68B9BC18B3144C55A8E0CAD9 /* SettingsStore.swift */ = {isa = PBXFileReference; lastKnownFileType = sourcecode.swift; path = "Sources/MacNotch/Settings/SettingsStore.swift"; sourceTree = "<group>"; };
		2EE40BC7A0B94DAEB76C16CD /* SettingsView.swift */ = {isa = PBXFileReference; lastKnownFileType = sourcecode.swift; path = "Sources/MacNotch/Settings/SettingsView.swift"; sourceTree = "<group>"; };
		6AA995662CA845E5B2B7635D /* SettingsWindowController.swift */ = {isa = PBXFileReference; lastKnownFileType = sourcecode.swift; path = "Sources/MacNotch/Settings/SettingsWindowController.swift"; sourceTree = "<group>"; };
		95B8334CB418479DB52AFF79 /* AppState.swift */ = {isa = PBXFileReference; lastKnownFileType = sourcecode.swift; path = "Sources/MacNotch/Core/AppState.swift"; sourceTree = "<group>"; };
		21CE44CDE81A4042A2748DBB /* CoordinateConverter.swift */ = {isa = PBXFileReference; lastKnownFileType = sourcecode.swift; path = "Sources/MacNotch/Core/CoordinateConverter.swift"; sourceTree = "<group>"; };
		F6DB716494D341A2809783DE /* DisplayCapabilities.swift */ = {isa = PBXFileReference; lastKnownFileType = sourcecode.swift; path = "Sources/MacNotch/Core/DisplayCapabilities.swift"; sourceTree = "<group>"; };
		E903BC9E211C4367A8357BCE /* GeometryOverlayWindow.swift */ = {isa = PBXFileReference; lastKnownFileType = sourcecode.swift; path = "Sources/MacNotch/Core/GeometryOverlayWindow.swift"; sourceTree = "<group>"; };
		E3C4486B7FE447EC9C31EA00 /* MouseTracker.swift */ = {isa = PBXFileReference; lastKnownFileType = sourcecode.swift; path = "Sources/MacNotch/Core/MouseTracker.swift"; sourceTree = "<group>"; };
		9657EA88EF2A4F3E9DD64B1F /* NotchDetector.swift */ = {isa = PBXFileReference; lastKnownFileType = sourcecode.swift; path = "Sources/MacNotch/Core/NotchDetector.swift"; sourceTree = "<group>"; };
		6FB663B9EF0B440BABF2384E /* NotchGeometry.swift */ = {isa = PBXFileReference; lastKnownFileType = sourcecode.swift; path = "Sources/MacNotch/Core/NotchGeometry.swift"; sourceTree = "<group>"; };
		1C4D2FEDF80A4930AA906B93 /* ScreenManager.swift */ = {isa = PBXFileReference; lastKnownFileType = sourcecode.swift; path = "Sources/MacNotch/Core/ScreenManager.swift"; sourceTree = "<group>"; };
		E294508857F4499AB2E51084 /* WindowManager.swift */ = {isa = PBXFileReference; lastKnownFileType = sourcecode.swift; path = "Sources/MacNotch/Core/WindowManager.swift"; sourceTree = "<group>"; };
		C176A946351C4B72B58A36D3 /* AppDelegate.swift */ = {isa = PBXFileReference; lastKnownFileType = sourcecode.swift; path = "Sources/MacNotch/App/AppDelegate.swift"; sourceTree = "<group>"; };
		22CD306C58714B5A80C0CD57 /* MacNotchApp.swift */ = {isa = PBXFileReference; lastKnownFileType = sourcecode.swift; path = "Sources/MacNotch/App/MacNotchApp.swift"; sourceTree = "<group>"; };
		6755F2AFC4414EB0B31CA740 /* MenuBarManager.swift */ = {isa = PBXFileReference; lastKnownFileType = sourcecode.swift; path = "Sources/MacNotch/MenuBar/MenuBarManager.swift"; sourceTree = "<group>"; };
		F3C48046B7CB4528AD134ACC /* DesignSystem.swift */ = {isa = PBXFileReference; lastKnownFileType = sourcecode.swift; path = "Sources/MacNotch/Shared/DesignSystem.swift"; sourceTree = "<group>"; };
		042741B02A5540688EC63C93 /* Extensions.swift */ = {isa = PBXFileReference; lastKnownFileType = sourcecode.swift; path = "Sources/MacNotch/Shared/Extensions.swift"; sourceTree = "<group>"; };
		FB3138F242B04264B273AF64 /* CalendarView.swift */ = {isa = PBXFileReference; lastKnownFileType = sourcecode.swift; path = "Sources/MacNotch/Time/CalendarView.swift"; sourceTree = "<group>"; };
		F5E3487CF2AC4254B73A9959 /* TimeService.swift */ = {isa = PBXFileReference; lastKnownFileType = sourcecode.swift; path = "Sources/MacNotch/Time/TimeService.swift"; sourceTree = "<group>"; };
		0FBB30B1A98443D5BFF7FFB9 /* TimeView.swift */ = {isa = PBXFileReference; lastKnownFileType = sourcecode.swift; path = "Sources/MacNotch/Time/TimeView.swift"; sourceTree = "<group>"; };
		19ECB73C94744D5EB92CCA22 /* WeatherModel.swift */ = {isa = PBXFileReference; lastKnownFileType = sourcecode.swift; path = "Sources/MacNotch/Weather/WeatherModel.swift"; sourceTree = "<group>"; };
		E8E6729E2285450C909AE307 /* WeatherService.swift */ = {isa = PBXFileReference; lastKnownFileType = sourcecode.swift; path = "Sources/MacNotch/Weather/WeatherService.swift"; sourceTree = "<group>"; };
		4C90DB0DC82B42ABBB0B807F /* WeatherView.swift */ = {isa = PBXFileReference; lastKnownFileType = sourcecode.swift; path = "Sources/MacNotch/Weather/WeatherView.swift"; sourceTree = "<group>"; };
		8F5FF1E9D548441F84E40118 /* ClipboardCardView.swift */ = {isa = PBXFileReference; lastKnownFileType = sourcecode.swift; path = "Sources/MacNotch/Clipboard/ClipboardCardView.swift"; sourceTree = "<group>"; };
		8B792AD195384F7196CC2B9E /* ClipboardCategory.swift */ = {isa = PBXFileReference; lastKnownFileType = sourcecode.swift; path = "Sources/MacNotch/Clipboard/ClipboardCategory.swift"; sourceTree = "<group>"; };
		F8988D446EDA4DE68F529C80 /* ClipboardCategoryBar.swift */ = {isa = PBXFileReference; lastKnownFileType = sourcecode.swift; path = "Sources/MacNotch/Clipboard/ClipboardCategoryBar.swift"; sourceTree = "<group>"; };
		184B61ED8BA94C8C89C9199B /* ClipboardDetailView.swift */ = {isa = PBXFileReference; lastKnownFileType = sourcecode.swift; path = "Sources/MacNotch/Clipboard/ClipboardDetailView.swift"; sourceTree = "<group>"; };
		329DC2F8229E4BBD9EA96E75 /* ClipboardDuplicatePolicy.swift */ = {isa = PBXFileReference; lastKnownFileType = sourcecode.swift; path = "Sources/MacNotch/Clipboard/ClipboardDuplicatePolicy.swift"; sourceTree = "<group>"; };
		C240D55A5EC84173A9F525AD /* ClipboardItem.swift */ = {isa = PBXFileReference; lastKnownFileType = sourcecode.swift; path = "Sources/MacNotch/Clipboard/ClipboardItem.swift"; sourceTree = "<group>"; };
		848323BDDB3F4510B85DA256 /* ClipboardManager.swift */ = {isa = PBXFileReference; lastKnownFileType = sourcecode.swift; path = "Sources/MacNotch/Clipboard/ClipboardManager.swift"; sourceTree = "<group>"; };
		1DBC549F8FEF44FD96DF6C52 /* ClipboardPreviewProvider.swift */ = {isa = PBXFileReference; lastKnownFileType = sourcecode.swift; path = "Sources/MacNotch/Clipboard/ClipboardPreviewProvider.swift"; sourceTree = "<group>"; };
		03BAF217DD6C423CA5C3D2A6 /* ClipboardSearchBar.swift */ = {isa = PBXFileReference; lastKnownFileType = sourcecode.swift; path = "Sources/MacNotch/Clipboard/ClipboardSearchBar.swift"; sourceTree = "<group>"; };
		E7154959272B451AA2259780 /* ClipboardSearchEngine.swift */ = {isa = PBXFileReference; lastKnownFileType = sourcecode.swift; path = "Sources/MacNotch/Clipboard/ClipboardSearchEngine.swift"; sourceTree = "<group>"; };
		9DFB0593C70D49B7BEE72F24 /* ClipboardStore.swift */ = {isa = PBXFileReference; lastKnownFileType = sourcecode.swift; path = "Sources/MacNotch/Clipboard/ClipboardStore.swift"; sourceTree = "<group>"; };
		0BDBB059FCC04404B5BD3EB3 /* ClipboardView.swift */ = {isa = PBXFileReference; lastKnownFileType = sourcecode.swift; path = "Sources/MacNotch/Clipboard/ClipboardView.swift"; sourceTree = "<group>"; };
		B66804B760A04C50BB429EA5 /* Info.plist */ = {isa = PBXFileReference; lastKnownFileType = text.plist.xml; path = "SupportingFiles/Info.plist"; sourceTree = "<group>"; };
		C72C07736A3C4E8BAE73B4C2 /* MacNotch.entitlements */ = {isa = PBXFileReference; lastKnownFileType = text.plist.entitlements; path = "SupportingFiles/MacNotch.entitlements"; sourceTree = "<group>"; };
		CF113EB54BE8463790833071 /* MacNotch.app */ = {isa = PBXFileReference; explicitFileType = wrapper.application; includeInIndex = 0; path = MacNotch.app; sourceTree = BUILT_PRODUCTS_DIR; };
/* End PBXFileReference section */

/* Begin PBXFrameworksBuildPhase section */
		F00C5B86B0A94E28A9C96F6A /* Frameworks */ = {
			isa = PBXFrameworksBuildPhase;
			buildActionMask = 2147483647;
			files = (
			);
			runOnlyForDeploymentPostprocessing = 0;
		};
/* End PBXFrameworksBuildPhase section */

/* Begin PBXGroup section */
		9281ED47675047E19417F51E = {
			isa = PBXGroup;
			children = (
				46AD157D9FCD4772BF6C8AA5 /* Sources */,
				49A4B8EF66F84B219922C283 /* SupportingFiles */,
				5367E3BAA73C44A2A190A2EC /* Products */,
			);
			sourceTree = "<group>";
		};
		46AD157D9FCD4772BF6C8AA5 /* Sources */ = {
			isa = PBXGroup;
			children = (
				8544A9F15C2841BD98CAD306 /* CollapsedNotchView.swift */,
				54906BB6F39C40D9BBAB6CF4 /* ExpandedNotchView.swift */,
				F671F9CB9B40458B8AA51CAA /* NotchPanel.swift */,
				E82B9F98B1D2463C8052694C /* NotchShape.swift */,
				08465F9EE00A458EA884F5CE /* NotchView.swift */,
				A67D0587D5964FF7BEBDB8D4 /* MediaRemoteNowPlayingProvider.swift */,
				93AF0ACF88C74BC689DAACAD /* MusicStudioNowPlayingProvider.swift */,
				6C708682D1CC473F84B4353A /* MusicView.swift */,
				20715A447F8C46D68EADC4B8 /* NowPlayingService.swift */,
				C77BB393FFF648D399A0CB1B /* SystemNowPlayingService.swift */,
				CC09D6D032A14D94A5ADC415 /* Track.swift */,
				68B9BC18B3144C55A8E0CAD9 /* SettingsStore.swift */,
				2EE40BC7A0B94DAEB76C16CD /* SettingsView.swift */,
				6AA995662CA845E5B2B7635D /* SettingsWindowController.swift */,
				95B8334CB418479DB52AFF79 /* AppState.swift */,
				21CE44CDE81A4042A2748DBB /* CoordinateConverter.swift */,
				F6DB716494D341A2809783DE /* DisplayCapabilities.swift */,
				E903BC9E211C4367A8357BCE /* GeometryOverlayWindow.swift */,
				E3C4486B7FE447EC9C31EA00 /* MouseTracker.swift */,
				9657EA88EF2A4F3E9DD64B1F /* NotchDetector.swift */,
				6FB663B9EF0B440BABF2384E /* NotchGeometry.swift */,
				1C4D2FEDF80A4930AA906B93 /* ScreenManager.swift */,
				E294508857F4499AB2E51084 /* WindowManager.swift */,
				C176A946351C4B72B58A36D3 /* AppDelegate.swift */,
				22CD306C58714B5A80C0CD57 /* MacNotchApp.swift */,
				6755F2AFC4414EB0B31CA740 /* MenuBarManager.swift */,
				F3C48046B7CB4528AD134ACC /* DesignSystem.swift */,
				042741B02A5540688EC63C93 /* Extensions.swift */,
				FB3138F242B04264B273AF64 /* CalendarView.swift */,
				F5E3487CF2AC4254B73A9959 /* TimeService.swift */,
				0FBB30B1A98443D5BFF7FFB9 /* TimeView.swift */,
				19ECB73C94744D5EB92CCA22 /* WeatherModel.swift */,
				E8E6729E2285450C909AE307 /* WeatherService.swift */,
				4C90DB0DC82B42ABBB0B807F /* WeatherView.swift */,
				8F5FF1E9D548441F84E40118 /* ClipboardCardView.swift */,
				8B792AD195384F7196CC2B9E /* ClipboardCategory.swift */,
				F8988D446EDA4DE68F529C80 /* ClipboardCategoryBar.swift */,
				184B61ED8BA94C8C89C9199B /* ClipboardDetailView.swift */,
				329DC2F8229E4BBD9EA96E75 /* ClipboardDuplicatePolicy.swift */,
				C240D55A5EC84173A9F525AD /* ClipboardItem.swift */,
				848323BDDB3F4510B85DA256 /* ClipboardManager.swift */,
				1DBC549F8FEF44FD96DF6C52 /* ClipboardPreviewProvider.swift */,
				03BAF217DD6C423CA5C3D2A6 /* ClipboardSearchBar.swift */,
				E7154959272B451AA2259780 /* ClipboardSearchEngine.swift */,
				9DFB0593C70D49B7BEE72F24 /* ClipboardStore.swift */,
				0BDBB059FCC04404B5BD3EB3 /* ClipboardView.swift */,
			);
			name = Sources;
			sourceTree = "<group>";
		};
		49A4B8EF66F84B219922C283 /* SupportingFiles */ = {
			isa = PBXGroup;
			children = (
				B66804B760A04C50BB429EA5 /* Info.plist */,
				C72C07736A3C4E8BAE73B4C2 /* MacNotch.entitlements */,
			);
			name = SupportingFiles;
			sourceTree = "<group>";
		};
		5367E3BAA73C44A2A190A2EC /* Products */ = {
			isa = PBXGroup;
			children = (
				CF113EB54BE8463790833071 /* MacNotch.app */,
			);
			name = Products;
			sourceTree = "<group>";
		};
/* End PBXGroup section */

/* Begin PBXNativeTarget section */
		E438F45E444E4EC7AAFEAEA8 /* MacNotch */ = {
			isa = PBXNativeTarget;
			buildConfigurationList = 294034CF5537476A830BCC1A /* Build configuration list for PBXNativeTarget "MacNotch" */;
			buildPhases = (
				F7B48E8D1B934939A2EAF652 /* Sources */,
				F00C5B86B0A94E28A9C96F6A /* Frameworks */,
				FB42F330EDAA4AF7AC690100 /* Resources */,
			);
			buildRules = (
			);
			dependencies = (
			);
			name = MacNotch;
			productName = MacNotch;
			productReference = CF113EB54BE8463790833071 /* MacNotch.app */;
			productType = "com.apple.product-type.application";
		};
/* End PBXNativeTarget section */

/* Begin PBXProject section */
		CEF10F7475864952BF153174 /* Project object */ = {
			isa = PBXProject;
			attributes = {
				BuildIndependentTargetsInParallel = 1;
				LastSwiftUpdateCheck = 1600;
				LastUpgradeCheck = 1600;
				TargetAttributes = {
					E438F45E444E4EC7AAFEAEA8 = {
						CreatedOnToolsVersion = 16.0;
					};
				};
			};
			buildConfigurationList = 7B48B588329A45E48BAE7964 /* Build configuration list for PBXProject "MacNotch" */;
			compatibilityVersion = "Xcode 14.0";
			developmentRegion = en;
			hasScannedForEncodings = 0;
			knownRegions = (
				en,
				Base,
			);
			mainGroup = 9281ED47675047E19417F51E;
			productRefGroup = 5367E3BAA73C44A2A190A2EC /* Products */;
			projectDirPath = "";
			projectRoot = "";
			targets = (
				E438F45E444E4EC7AAFEAEA8 /* MacNotch */,
			);
		};
/* End PBXProject section */

/* Begin PBXResourcesBuildPhase section */
		FB42F330EDAA4AF7AC690100 /* Resources */ = {
			isa = PBXResourcesBuildPhase;
			buildActionMask = 2147483647;
			files = (
			);
			runOnlyForDeploymentPostprocessing = 0;
		};
/* End PBXResourcesBuildPhase section */

/* Begin PBXSourcesBuildPhase section */
		F7B48E8D1B934939A2EAF652 /* Sources */ = {
			isa = PBXSourcesBuildPhase;
			buildActionMask = 2147483647;
			files = (
				A2616A93F5224C60BF434DA7 /* CollapsedNotchView.swift in Sources */,
				F00E9C4BCCF84998AA6F9CDC /* ExpandedNotchView.swift in Sources */,
				5CFC798417574C67B9FEEBC5 /* NotchPanel.swift in Sources */,
				CA13F7B6B12745B3BCFC6421 /* NotchShape.swift in Sources */,
				29ADF69537A948B988BE49EC /* NotchView.swift in Sources */,
				3C4DC092202B4381A36834FB /* MediaRemoteNowPlayingProvider.swift in Sources */,
				A05DD194D3C44BDC9F73B6CC /* MusicStudioNowPlayingProvider.swift in Sources */,
				7A1F3EF61687486FA5869E64 /* MusicView.swift in Sources */,
				1352D64437A44C80B7A6D5C8 /* NowPlayingService.swift in Sources */,
				E47F30B61B5B459E965F046C /* SystemNowPlayingService.swift in Sources */,
				FFBDAC01E2E64BD29414ADFA /* Track.swift in Sources */,
				01C1588F68C844E0B79A2649 /* SettingsStore.swift in Sources */,
				27F2D05C00734DEC911E388A /* SettingsView.swift in Sources */,
				BA08DB9533324349A9255139 /* SettingsWindowController.swift in Sources */,
				B450D35B502F440DA48C4F52 /* AppState.swift in Sources */,
				F5FD16816E3849ADADB56EEE /* CoordinateConverter.swift in Sources */,
				AF6564F71FC64BA28CEEA8A3 /* DisplayCapabilities.swift in Sources */,
				8F331CA413334924ABC65C5F /* GeometryOverlayWindow.swift in Sources */,
				FB4998424B914C4F845D4ED5 /* MouseTracker.swift in Sources */,
				58E221B8E9E149F68E414FDC /* NotchDetector.swift in Sources */,
				5416B5D4D839495A96D5C536 /* NotchGeometry.swift in Sources */,
				41240A42B6F2411FA38C8CE6 /* ScreenManager.swift in Sources */,
				F7076EEBFAFF4545A79CC4EC /* WindowManager.swift in Sources */,
				AB363234FC514CC68083BC41 /* AppDelegate.swift in Sources */,
				989B123CDEDD452B89E0753F /* MacNotchApp.swift in Sources */,
				2D0E8005E8E54A2697B7E575 /* MenuBarManager.swift in Sources */,
				CCC04B907AF5476BB2A1E050 /* DesignSystem.swift in Sources */,
				2CA35766D957409E909B6602 /* Extensions.swift in Sources */,
				191A6EB529284ACD9F3C7C9D /* CalendarView.swift in Sources */,
				640BA9F056F04301874A9CBD /* TimeService.swift in Sources */,
				1347E7810B3C4650963933D7 /* TimeView.swift in Sources */,
				31760660B786451ABF456EA3 /* WeatherModel.swift in Sources */,
				4BACF1F2CBE542EB9666BAA5 /* WeatherService.swift in Sources */,
				5BB999EEDB744A7795BAA298 /* WeatherView.swift in Sources */,
				5AB1F5E3C3364EF9A344F823 /* ClipboardCardView.swift in Sources */,
				2A58C4E8DBF74194852DCF4F /* ClipboardCategory.swift in Sources */,
				FFBB5BC67D034A0C86C4D492 /* ClipboardCategoryBar.swift in Sources */,
				7362D1951F4A4B83A378AA97 /* ClipboardDetailView.swift in Sources */,
				4BA7390C6E384D788A132160 /* ClipboardDuplicatePolicy.swift in Sources */,
				A690FB086ECE43E7BCDC66F8 /* ClipboardItem.swift in Sources */,
				57E4D517725B478E825E2018 /* ClipboardManager.swift in Sources */,
				5182DA1B019248A69C8C7913 /* ClipboardPreviewProvider.swift in Sources */,
				9195DA3B0E8D4AD69F4AF295 /* ClipboardSearchBar.swift in Sources */,
				2F9D232F6D7249089BEB5FB2 /* ClipboardSearchEngine.swift in Sources */,
				8AE5CA53DEDE47F2A028DEE3 /* ClipboardStore.swift in Sources */,
				593999E3DDE94489AF1656DD /* ClipboardView.swift in Sources */,
			);
			runOnlyForDeploymentPostprocessing = 0;
		};
/* End PBXSourcesBuildPhase section */

/* Begin XCBuildConfiguration section */
		BDAC5F4264E446B9B4F6CC79 /* Debug */ = {
			isa = XCBuildConfiguration;
			buildSettings = {
				ALWAYS_SEARCH_USER_PATHS = NO;
				CLANG_ANALYZER_NONNULL = YES;
				CLANG_ANALYZER_NUMBER_OBJECT_CONVERSION = YES_AGGRESSIVE;
				CLANG_CXX_LANGUAGE_STANDARD = "gnu++20";
				CLANG_ENABLE_MODULES = YES;
				CLANG_ENABLE_OBJC_ARC = YES;
				CLANG_WARN_BLOCK_CAPTURE_AUTORELEASING = YES;
				CLANG_WARN_BOOL_CONVERSION = YES;
				CLANG_WARN_COMMA = YES;
				CLANG_WARN_CONSTANT_CONVERSION = YES;
				CLANG_WARN_DIRECT_OBJC_ISA_USAGE = YES_ERROR;
				CLANG_WARN_DOCUMENTATION_COMMENTS = YES;
				CLANG_WARN_EMPTY_BODY = YES;
				CLANG_WARN_ENUM_CONVERSION = YES;
				CLANG_WARN_INFINITE_RECURSION = YES;
				CLANG_WARN_INT_CONVERSION = YES;
				CLANG_WARN_NON_LITERAL_NULL_CONVERSION = YES;
				CLANG_WARN_OBJC_LITERAL_CONVERSION = YES;
				CLANG_WARN_OBJC_ROOT_CLASS = YES_ERROR;
				CLANG_WARN_QUOTED_INCLUDE_IN_FRAMEWORK_HEADER = YES;
				CLANG_WARN_RANGE_LOOP_ANALYSIS = YES;
				CLANG_WARN_STRICT_PROTOTYPES = YES;
				CLANG_WARN_SUSPICIOUS_MOVE = YES;
				CLANG_WARN_UNGUARDED_AVAILABILITY = YES_AGGRESSIVE;
				CLANG_WARN_UNREACHABLE_CODE = YES;
				CLANG_WARN__DUPLICATE_METHOD_MATCH = YES;
				COPY_PHASE_STRIP = NO;
				DEBUG_INFORMATION_FORMAT = dwarf;
				ENABLE_STRICT_OBJC_MSGSEND = YES;
				ENABLE_TESTABILITY = YES;
				GCC_C_LANGUAGE_STANDARD = gnu17;
				GCC_DYNAMIC_NO_PIC = NO;
				GCC_NO_COMMON_BLOCKS = YES;
				GCC_OPTIMIZATION_LEVEL = 0;
				GCC_PREPROCESSOR_DEFINITIONS = (
					"DEBUG=1",
					"$(inherited)",
				);
				GCC_WARN_64_TO_32_BIT_CONVERSION = YES;
				GCC_WARN_ABOUT_RETURN_TYPE = YES_ERROR;
				GCC_WARN_UNDEFINED_MACROS = YES;
				GCC_WARN_UNINITIALIZED_AUTOS = YES_AGGRESSIVE;
				GCC_WARN_UNUSED_FUNCTION = YES;
				GCC_WARN_UNUSED_VARIABLE = YES;
				MACOSX_DEPLOYMENT_TARGET = 14.0;
				MTL_ENABLE_DEBUG_INFO = INCLUDE_SOURCE;
				MTL_FAST_MATH = YES;
				ARCHS = "$(ARCHS_STANDARD)";
				ONLY_ACTIVE_ARCH = NO;
				SDKROOT = macosx;
				SWIFT_ACTIVE_COMPILATION_CONDITIONS = "DEBUG $(inherited)";
				SWIFT_OPTIMIZATION_LEVEL = "-Onone";
				SWIFT_VERSION = 5.0;
			};
			name = Debug;
		};
		451FA57DD5104EF0B35FDD5E /* Release */ = {
			isa = XCBuildConfiguration;
			buildSettings = {
				ALWAYS_SEARCH_USER_PATHS = NO;
				CLANG_ANALYZER_NONNULL = YES;
				CLANG_ANALYZER_NUMBER_OBJECT_CONVERSION = YES_AGGRESSIVE;
				CLANG_CXX_LANGUAGE_STANDARD = "gnu++20";
				CLANG_ENABLE_MODULES = YES;
				CLANG_ENABLE_OBJC_ARC = YES;
				CLANG_WARN_BLOCK_CAPTURE_AUTORELEASING = YES;
				CLANG_WARN_BOOL_CONVERSION = YES;
				CLANG_WARN_COMMA = YES;
				CLANG_WARN_CONSTANT_CONVERSION = YES;
				CLANG_WARN_DIRECT_OBJC_ISA_USAGE = YES_ERROR;
				CLANG_WARN_DOCUMENTATION_COMMENTS = YES;
				CLANG_WARN_EMPTY_BODY = YES;
				CLANG_WARN_ENUM_CONVERSION = YES;
				CLANG_WARN_INFINITE_RECURSION = YES;
				CLANG_WARN_INT_CONVERSION = YES;
				CLANG_WARN_NON_LITERAL_NULL_CONVERSION = YES;
				CLANG_WARN_OBJC_LITERAL_CONVERSION = YES;
				CLANG_WARN_OBJC_ROOT_CLASS = YES_ERROR;
				CLANG_WARN_QUOTED_INCLUDE_IN_FRAMEWORK_HEADER = YES;
				CLANG_WARN_RANGE_LOOP_ANALYSIS = YES;
				CLANG_WARN_STRICT_PROTOTYPES = YES;
				CLANG_WARN_SUSPICIOUS_MOVE = YES;
				CLANG_WARN_UNGUARDED_AVAILABILITY = YES_AGGRESSIVE;
				CLANG_WARN_UNREACHABLE_CODE = YES;
				CLANG_WARN__DUPLICATE_METHOD_MATCH = YES;
				COPY_PHASE_STRIP = NO;
				DEBUG_INFORMATION_FORMAT = "dwarf-with-dsym";
				ENABLE_NS_ASSERTIONS = NO;
				ENABLE_STRICT_OBJC_MSGSEND = YES;
				GCC_C_LANGUAGE_STANDARD = gnu17;
				GCC_NO_COMMON_BLOCKS = YES;
				GCC_WARN_64_TO_32_BIT_CONVERSION = YES;
				GCC_WARN_ABOUT_RETURN_TYPE = YES_ERROR;
				GCC_WARN_UNDEFINED_MACROS = YES;
				GCC_WARN_UNINITIALIZED_AUTOS = YES_AGGRESSIVE;
				GCC_WARN_UNUSED_FUNCTION = YES;
				GCC_WARN_UNUSED_VARIABLE = YES;
				MACOSX_DEPLOYMENT_TARGET = 14.0;
				MTL_ENABLE_DEBUG_INFO = NO;
				MTL_FAST_MATH = YES;
				ARCHS = "$(ARCHS_STANDARD)";
				SDKROOT = macosx;
				SWIFT_COMPILATION_MODE = "wholemodule";
				SWIFT_OPTIMIZATION_LEVEL = "-O";
				SWIFT_VERSION = 5.0;
			};
			name = Release;
		};
		416F39E514684FFD8DD3182F /* Debug */ = {
			isa = XCBuildConfiguration;
			buildSettings = {
				ASSETCATALOG_COMPILER_APPICON_NAME = AppIcon;
				CODE_SIGN_ENTITLEMENTS = "SupportingFiles/MacNotch.entitlements";
				CODE_SIGN_IDENTITY = "-";
				CODE_SIGN_STYLE = Manual;
				CURRENT_PROJECT_VERSION = 1;
				ENABLE_PREVIEWS = YES;
				GENERATE_INFOPLIST_FILE = NO;
				INFOPLIST_FILE = "SupportingFiles/Info.plist";
				LD_RUNPATH_SEARCH_PATHS = (
					"$(inherited)",
					"@executable_path/../Frameworks",
				);
				MARKETING_VERSION = 1.0.0;
				PRODUCT_BUNDLE_IDENTIFIER = com.sahasbelbase.MacNotch;
				PRODUCT_NAME = "$(TARGET_NAME)";
				SWIFT_EMIT_LOC_STRINGS = YES;
			};
			name = Debug;
		};
		1FC5A105B1984DC385755DF2 /* Release */ = {
			isa = XCBuildConfiguration;
			buildSettings = {
				ASSETCATALOG_COMPILER_APPICON_NAME = AppIcon;
				CODE_SIGN_ENTITLEMENTS = "SupportingFiles/MacNotch.entitlements";
				CODE_SIGN_IDENTITY = "-";
				CODE_SIGN_STYLE = Manual;
				CURRENT_PROJECT_VERSION = 1;
				ENABLE_PREVIEWS = YES;
				GENERATE_INFOPLIST_FILE = NO;
				INFOPLIST_FILE = "SupportingFiles/Info.plist";
				LD_RUNPATH_SEARCH_PATHS = (
					"$(inherited)",
					"@executable_path/../Frameworks",
				);
				MARKETING_VERSION = 1.0.0;
				PRODUCT_BUNDLE_IDENTIFIER = com.sahasbelbase.MacNotch;
				PRODUCT_NAME = "$(TARGET_NAME)";
				SWIFT_EMIT_LOC_STRINGS = YES;
			};
			name = Release;
		};
/* End XCBuildConfiguration section */

/* Begin XCConfigurationList section */
		7B48B588329A45E48BAE7964 /* Build configuration list for PBXProject "MacNotch" */ = {
			isa = XCConfigurationList;
			buildConfigurations = (
				BDAC5F4264E446B9B4F6CC79 /* Debug */,
				451FA57DD5104EF0B35FDD5E /* Release */,
			);
			defaultConfigurationIsVisible = 0;
			defaultConfigurationName = Release;
		};
		294034CF5537476A830BCC1A /* Build configuration list for PBXNativeTarget "MacNotch" */ = {
			isa = XCConfigurationList;
			buildConfigurations = (
				416F39E514684FFD8DD3182F /* Debug */,
				1FC5A105B1984DC385755DF2 /* Release */,
			);
			defaultConfigurationIsVisible = 0;
			defaultConfigurationName = Release;
		};
/* End XCConfigurationList section */

	};
	rootObject = CEF10F7475864952BF153174 /* Project object */;
}
