// !$*UTF8*$!
{
	archiveVersion = 1;
	classes = {
	};
	objectVersion = 56;
	objects = {

/* Begin PBXBuildFile section */
		433F253D3F3A494384E5F0A3 /* CollapsedNotchView.swift in Sources */ = {isa = PBXBuildFile; fileRef = FE245A6358144569810AE308 /* CollapsedNotchView.swift */; };
		F4274C09C6224AC0B183D071 /* ExpandedNotchView.swift in Sources */ = {isa = PBXBuildFile; fileRef = E0198FA60A8B46968E2997A0 /* ExpandedNotchView.swift */; };
		FA6D3286C27A4BFBA388189B /* NotchPanel.swift in Sources */ = {isa = PBXBuildFile; fileRef = 53ED8579302F4BA697B041F4 /* NotchPanel.swift */; };
		A7FCB7C3A02849A693A9A0EB /* NotchShape.swift in Sources */ = {isa = PBXBuildFile; fileRef = 0DF980F4A1F9453188CFD11A /* NotchShape.swift */; };
		9851B0C23A7A43E3825AF520 /* NotchView.swift in Sources */ = {isa = PBXBuildFile; fileRef = F201B1294EBF4FC993E1AC67 /* NotchView.swift */; };
		D86DC37E849C43CB8F5A82BA /* MediaRemoteNowPlayingProvider.swift in Sources */ = {isa = PBXBuildFile; fileRef = 28ACA5C0C31046B295141DBD /* MediaRemoteNowPlayingProvider.swift */; };
		35CDE69AD36E40E88A6A4170 /* MusicStudioListView.swift in Sources */ = {isa = PBXBuildFile; fileRef = 40EE47D671984D6196F95085 /* MusicStudioListView.swift */; };
		3B556D318D964EF39EC51FC6 /* MusicStudioNowPlayingProvider.swift in Sources */ = {isa = PBXBuildFile; fileRef = 6ADE6C25CBAD44ADB6912146 /* MusicStudioNowPlayingProvider.swift */; };
		48F85CD1CD1C42BDB6F60888 /* MusicView.swift in Sources */ = {isa = PBXBuildFile; fileRef = BDFFE31468A7441D955B65ED /* MusicView.swift */; };
		7C7A91EFEF1846E2BB2BDC80 /* NowPlayingService.swift in Sources */ = {isa = PBXBuildFile; fileRef = BAD0D9D3AE47456CB47F0CE2 /* NowPlayingService.swift */; };
		99B137DA1D9A44EF9D1556C8 /* SystemNowPlayingService.swift in Sources */ = {isa = PBXBuildFile; fileRef = FA17DAEFE8544B0EAC13C5C1 /* SystemNowPlayingService.swift */; };
		5AC920E9E1DD49159D62F630 /* Track.swift in Sources */ = {isa = PBXBuildFile; fileRef = B48D008F36BB488A8D6F9AE2 /* Track.swift */; };
		E4EF1714EB9148BC99FB60CA /* SettingsStore.swift in Sources */ = {isa = PBXBuildFile; fileRef = E9967739508D43F2952817B9 /* SettingsStore.swift */; };
		FC8972B4C6A644DD983C47A7 /* SettingsView.swift in Sources */ = {isa = PBXBuildFile; fileRef = EFEE0ADDFE84447BBE75B1B1 /* SettingsView.swift */; };
		C78D9F5552EF4F71AFA6EBAA /* SettingsWindowController.swift in Sources */ = {isa = PBXBuildFile; fileRef = FFABC03D5292468FA31E2711 /* SettingsWindowController.swift */; };
		E4BC150A97594F568D79B01F /* AppState.swift in Sources */ = {isa = PBXBuildFile; fileRef = AA4900827ADD4A7D8AE3C13E /* AppState.swift */; };
		BDBB54EB994B4681A02D3B0E /* CoordinateConverter.swift in Sources */ = {isa = PBXBuildFile; fileRef = 4F1FC19E392A487680AA4F8B /* CoordinateConverter.swift */; };
		EBB5E9788D1C48CC94DAEC9D /* DisplayCapabilities.swift in Sources */ = {isa = PBXBuildFile; fileRef = 987D810226FA445FA669B8EB /* DisplayCapabilities.swift */; };
		B6B65A572C214C8BA0F14B97 /* GeometryOverlayWindow.swift in Sources */ = {isa = PBXBuildFile; fileRef = 39C5CA79E85E44FEAA367D1D /* GeometryOverlayWindow.swift */; };
		4B8223FB828E47478D7CE25A /* MouseTracker.swift in Sources */ = {isa = PBXBuildFile; fileRef = F99CEB84668B43AFA3773F83 /* MouseTracker.swift */; };
		F7F5757B152C4DA5B96E9182 /* NotchDetector.swift in Sources */ = {isa = PBXBuildFile; fileRef = 2485F40C8B414E8EBC0212AD /* NotchDetector.swift */; };
		94D7860763C14F4298188E46 /* NotchGeometry.swift in Sources */ = {isa = PBXBuildFile; fileRef = BBD458C29C7A4C7AAE4BF995 /* NotchGeometry.swift */; };
		70DE0E2D0387479E86F2BA48 /* ScreenManager.swift in Sources */ = {isa = PBXBuildFile; fileRef = 06391D9E0CE3491FB396AD1B /* ScreenManager.swift */; };
		A5625284CAE444FCB3BF560B /* WindowManager.swift in Sources */ = {isa = PBXBuildFile; fileRef = 79046A4A5061497EA3BE91B6 /* WindowManager.swift */; };
		F8FF76E3EF1C4CDF9FADA9B2 /* AppDelegate.swift in Sources */ = {isa = PBXBuildFile; fileRef = 2C8E7BB8EF154EB28CC5A3EE /* AppDelegate.swift */; };
		0D2011F71DF0458FB9839133 /* MacNotchApp.swift in Sources */ = {isa = PBXBuildFile; fileRef = AA1B345946734329AE097BFC /* MacNotchApp.swift */; };
		B169FB3DF1AE43388A394414 /* MenuBarManager.swift in Sources */ = {isa = PBXBuildFile; fileRef = 2A31872C64644EA3B2D26370 /* MenuBarManager.swift */; };
		0AF82F3074B44C08B2C4299D /* AirDropService.swift in Sources */ = {isa = PBXBuildFile; fileRef = 6FC6735AD6E34D4BBFE758C9 /* AirDropService.swift */; };
		E9298B57261444D3B830DC7D /* DesignSystem.swift in Sources */ = {isa = PBXBuildFile; fileRef = C74F6AA5418545B99C73D414 /* DesignSystem.swift */; };
		383768ED1C224B74B310C91E /* Extensions.swift in Sources */ = {isa = PBXBuildFile; fileRef = 43CB8A3899994702A0669DBB /* Extensions.swift */; };
		57C6322518E24D208B0E11F2 /* CalendarView.swift in Sources */ = {isa = PBXBuildFile; fileRef = 8A9941BBD4E149B7981C7EE5 /* CalendarView.swift */; };
		3CC03CE7B2A54743BBBEAF47 /* TimeService.swift in Sources */ = {isa = PBXBuildFile; fileRef = B262423FA57940EDA7509EAD /* TimeService.swift */; };
		7C0806239FFD47CEB31E2ACA /* TimeView.swift in Sources */ = {isa = PBXBuildFile; fileRef = A7203497FCDA4BD68632F4A0 /* TimeView.swift */; };
		74B9279939A1400A826FE1F9 /* WeatherModel.swift in Sources */ = {isa = PBXBuildFile; fileRef = 183736E74488482BA12B08DC /* WeatherModel.swift */; };
		BE47F7C6CC0A450DB6CE7541 /* WeatherService.swift in Sources */ = {isa = PBXBuildFile; fileRef = A638FAE9C0194C05B08CEA73 /* WeatherService.swift */; };
		F2B707EBBA5B4AE58663BF40 /* WeatherView.swift in Sources */ = {isa = PBXBuildFile; fileRef = 391679745F644937AD73733A /* WeatherView.swift */; };
		2A3C4E7492484BD7BCA58231 /* ClipboardCardView.swift in Sources */ = {isa = PBXBuildFile; fileRef = 86A37631B1794D3AB4E78D68 /* ClipboardCardView.swift */; };
		D819396B33F04A65AB701C69 /* ClipboardCategory.swift in Sources */ = {isa = PBXBuildFile; fileRef = EB8D60DA519E43529B3A304F /* ClipboardCategory.swift */; };
		A80A3DE375624E95BCD963EE /* ClipboardCategoryBar.swift in Sources */ = {isa = PBXBuildFile; fileRef = B1E3EEFD465A46ECBF114257 /* ClipboardCategoryBar.swift */; };
		024E9BDDCDEF4BE4B562ADE3 /* ClipboardDetailView.swift in Sources */ = {isa = PBXBuildFile; fileRef = 54DA4D0643C24E4489C14759 /* ClipboardDetailView.swift */; };
		8CD7141D731A48029062BA1E /* ClipboardDuplicatePolicy.swift in Sources */ = {isa = PBXBuildFile; fileRef = 4B54D167328443AB8A0D0C1A /* ClipboardDuplicatePolicy.swift */; };
		475C7C80BB6E4A62BF71925C /* ClipboardItem.swift in Sources */ = {isa = PBXBuildFile; fileRef = 9B5B4BCE1FF0491BB3E86DDD /* ClipboardItem.swift */; };
		36D74E716B834D328A5F6ED0 /* ClipboardManager.swift in Sources */ = {isa = PBXBuildFile; fileRef = 8F51BB6C47B840A7B63C84E0 /* ClipboardManager.swift */; };
		67EEC951901E4796844E89D8 /* ClipboardPreviewProvider.swift in Sources */ = {isa = PBXBuildFile; fileRef = 19FDCFDC00F344F9A5165B06 /* ClipboardPreviewProvider.swift */; };
		D25C359796B64A1FB6F1CA09 /* ClipboardSearchBar.swift in Sources */ = {isa = PBXBuildFile; fileRef = 7E37E5FDE0074D8998886E2A /* ClipboardSearchBar.swift */; };
		DC904FAC1FDC4C52B1A7E723 /* ClipboardSearchEngine.swift in Sources */ = {isa = PBXBuildFile; fileRef = 67376FBD1AB848D286D14599 /* ClipboardSearchEngine.swift */; };
		FB6B3414D87642349661D844 /* ClipboardStore.swift in Sources */ = {isa = PBXBuildFile; fileRef = 22544E4F2F95402489599582 /* ClipboardStore.swift */; };
		30B4FE3F08304B8696304F12 /* ClipboardView.swift in Sources */ = {isa = PBXBuildFile; fileRef = 5BA2BD0E76B84EBD94AD706C /* ClipboardView.swift */; };
/* End PBXBuildFile section */

/* Begin PBXFileReference section */
		FE245A6358144569810AE308 /* CollapsedNotchView.swift */ = {isa = PBXFileReference; lastKnownFileType = sourcecode.swift; path = "Sources/MacNotch/Notch/CollapsedNotchView.swift"; sourceTree = "<group>"; };
		E0198FA60A8B46968E2997A0 /* ExpandedNotchView.swift */ = {isa = PBXFileReference; lastKnownFileType = sourcecode.swift; path = "Sources/MacNotch/Notch/ExpandedNotchView.swift"; sourceTree = "<group>"; };
		53ED8579302F4BA697B041F4 /* NotchPanel.swift */ = {isa = PBXFileReference; lastKnownFileType = sourcecode.swift; path = "Sources/MacNotch/Notch/NotchPanel.swift"; sourceTree = "<group>"; };
		0DF980F4A1F9453188CFD11A /* NotchShape.swift */ = {isa = PBXFileReference; lastKnownFileType = sourcecode.swift; path = "Sources/MacNotch/Notch/NotchShape.swift"; sourceTree = "<group>"; };
		F201B1294EBF4FC993E1AC67 /* NotchView.swift */ = {isa = PBXFileReference; lastKnownFileType = sourcecode.swift; path = "Sources/MacNotch/Notch/NotchView.swift"; sourceTree = "<group>"; };
		28ACA5C0C31046B295141DBD /* MediaRemoteNowPlayingProvider.swift */ = {isa = PBXFileReference; lastKnownFileType = sourcecode.swift; path = "Sources/MacNotch/Music/MediaRemoteNowPlayingProvider.swift"; sourceTree = "<group>"; };
		40EE47D671984D6196F95085 /* MusicStudioListView.swift */ = {isa = PBXFileReference; lastKnownFileType = sourcecode.swift; path = "Sources/MacNotch/Music/MusicStudioListView.swift"; sourceTree = "<group>"; };
		6ADE6C25CBAD44ADB6912146 /* MusicStudioNowPlayingProvider.swift */ = {isa = PBXFileReference; lastKnownFileType = sourcecode.swift; path = "Sources/MacNotch/Music/MusicStudioNowPlayingProvider.swift"; sourceTree = "<group>"; };
		BDFFE31468A7441D955B65ED /* MusicView.swift */ = {isa = PBXFileReference; lastKnownFileType = sourcecode.swift; path = "Sources/MacNotch/Music/MusicView.swift"; sourceTree = "<group>"; };
		BAD0D9D3AE47456CB47F0CE2 /* NowPlayingService.swift */ = {isa = PBXFileReference; lastKnownFileType = sourcecode.swift; path = "Sources/MacNotch/Music/NowPlayingService.swift"; sourceTree = "<group>"; };
		FA17DAEFE8544B0EAC13C5C1 /* SystemNowPlayingService.swift */ = {isa = PBXFileReference; lastKnownFileType = sourcecode.swift; path = "Sources/MacNotch/Music/SystemNowPlayingService.swift"; sourceTree = "<group>"; };
		B48D008F36BB488A8D6F9AE2 /* Track.swift */ = {isa = PBXFileReference; lastKnownFileType = sourcecode.swift; path = "Sources/MacNotch/Music/Track.swift"; sourceTree = "<group>"; };
		E9967739508D43F2952817B9 /* SettingsStore.swift */ = {isa = PBXFileReference; lastKnownFileType = sourcecode.swift; path = "Sources/MacNotch/Settings/SettingsStore.swift"; sourceTree = "<group>"; };
		EFEE0ADDFE84447BBE75B1B1 /* SettingsView.swift */ = {isa = PBXFileReference; lastKnownFileType = sourcecode.swift; path = "Sources/MacNotch/Settings/SettingsView.swift"; sourceTree = "<group>"; };
		FFABC03D5292468FA31E2711 /* SettingsWindowController.swift */ = {isa = PBXFileReference; lastKnownFileType = sourcecode.swift; path = "Sources/MacNotch/Settings/SettingsWindowController.swift"; sourceTree = "<group>"; };
		AA4900827ADD4A7D8AE3C13E /* AppState.swift */ = {isa = PBXFileReference; lastKnownFileType = sourcecode.swift; path = "Sources/MacNotch/Core/AppState.swift"; sourceTree = "<group>"; };
		4F1FC19E392A487680AA4F8B /* CoordinateConverter.swift */ = {isa = PBXFileReference; lastKnownFileType = sourcecode.swift; path = "Sources/MacNotch/Core/CoordinateConverter.swift"; sourceTree = "<group>"; };
		987D810226FA445FA669B8EB /* DisplayCapabilities.swift */ = {isa = PBXFileReference; lastKnownFileType = sourcecode.swift; path = "Sources/MacNotch/Core/DisplayCapabilities.swift"; sourceTree = "<group>"; };
		39C5CA79E85E44FEAA367D1D /* GeometryOverlayWindow.swift */ = {isa = PBXFileReference; lastKnownFileType = sourcecode.swift; path = "Sources/MacNotch/Core/GeometryOverlayWindow.swift"; sourceTree = "<group>"; };
		F99CEB84668B43AFA3773F83 /* MouseTracker.swift */ = {isa = PBXFileReference; lastKnownFileType = sourcecode.swift; path = "Sources/MacNotch/Core/MouseTracker.swift"; sourceTree = "<group>"; };
		2485F40C8B414E8EBC0212AD /* NotchDetector.swift */ = {isa = PBXFileReference; lastKnownFileType = sourcecode.swift; path = "Sources/MacNotch/Core/NotchDetector.swift"; sourceTree = "<group>"; };
		BBD458C29C7A4C7AAE4BF995 /* NotchGeometry.swift */ = {isa = PBXFileReference; lastKnownFileType = sourcecode.swift; path = "Sources/MacNotch/Core/NotchGeometry.swift"; sourceTree = "<group>"; };
		06391D9E0CE3491FB396AD1B /* ScreenManager.swift */ = {isa = PBXFileReference; lastKnownFileType = sourcecode.swift; path = "Sources/MacNotch/Core/ScreenManager.swift"; sourceTree = "<group>"; };
		79046A4A5061497EA3BE91B6 /* WindowManager.swift */ = {isa = PBXFileReference; lastKnownFileType = sourcecode.swift; path = "Sources/MacNotch/Core/WindowManager.swift"; sourceTree = "<group>"; };
		2C8E7BB8EF154EB28CC5A3EE /* AppDelegate.swift */ = {isa = PBXFileReference; lastKnownFileType = sourcecode.swift; path = "Sources/MacNotch/App/AppDelegate.swift"; sourceTree = "<group>"; };
		AA1B345946734329AE097BFC /* MacNotchApp.swift */ = {isa = PBXFileReference; lastKnownFileType = sourcecode.swift; path = "Sources/MacNotch/App/MacNotchApp.swift"; sourceTree = "<group>"; };
		2A31872C64644EA3B2D26370 /* MenuBarManager.swift */ = {isa = PBXFileReference; lastKnownFileType = sourcecode.swift; path = "Sources/MacNotch/MenuBar/MenuBarManager.swift"; sourceTree = "<group>"; };
		6FC6735AD6E34D4BBFE758C9 /* AirDropService.swift */ = {isa = PBXFileReference; lastKnownFileType = sourcecode.swift; path = "Sources/MacNotch/Shared/AirDropService.swift"; sourceTree = "<group>"; };
		C74F6AA5418545B99C73D414 /* DesignSystem.swift */ = {isa = PBXFileReference; lastKnownFileType = sourcecode.swift; path = "Sources/MacNotch/Shared/DesignSystem.swift"; sourceTree = "<group>"; };
		43CB8A3899994702A0669DBB /* Extensions.swift */ = {isa = PBXFileReference; lastKnownFileType = sourcecode.swift; path = "Sources/MacNotch/Shared/Extensions.swift"; sourceTree = "<group>"; };
		8A9941BBD4E149B7981C7EE5 /* CalendarView.swift */ = {isa = PBXFileReference; lastKnownFileType = sourcecode.swift; path = "Sources/MacNotch/Time/CalendarView.swift"; sourceTree = "<group>"; };
		B262423FA57940EDA7509EAD /* TimeService.swift */ = {isa = PBXFileReference; lastKnownFileType = sourcecode.swift; path = "Sources/MacNotch/Time/TimeService.swift"; sourceTree = "<group>"; };
		A7203497FCDA4BD68632F4A0 /* TimeView.swift */ = {isa = PBXFileReference; lastKnownFileType = sourcecode.swift; path = "Sources/MacNotch/Time/TimeView.swift"; sourceTree = "<group>"; };
		183736E74488482BA12B08DC /* WeatherModel.swift */ = {isa = PBXFileReference; lastKnownFileType = sourcecode.swift; path = "Sources/MacNotch/Weather/WeatherModel.swift"; sourceTree = "<group>"; };
		A638FAE9C0194C05B08CEA73 /* WeatherService.swift */ = {isa = PBXFileReference; lastKnownFileType = sourcecode.swift; path = "Sources/MacNotch/Weather/WeatherService.swift"; sourceTree = "<group>"; };
		391679745F644937AD73733A /* WeatherView.swift */ = {isa = PBXFileReference; lastKnownFileType = sourcecode.swift; path = "Sources/MacNotch/Weather/WeatherView.swift"; sourceTree = "<group>"; };
		86A37631B1794D3AB4E78D68 /* ClipboardCardView.swift */ = {isa = PBXFileReference; lastKnownFileType = sourcecode.swift; path = "Sources/MacNotch/Clipboard/ClipboardCardView.swift"; sourceTree = "<group>"; };
		EB8D60DA519E43529B3A304F /* ClipboardCategory.swift */ = {isa = PBXFileReference; lastKnownFileType = sourcecode.swift; path = "Sources/MacNotch/Clipboard/ClipboardCategory.swift"; sourceTree = "<group>"; };
		B1E3EEFD465A46ECBF114257 /* ClipboardCategoryBar.swift */ = {isa = PBXFileReference; lastKnownFileType = sourcecode.swift; path = "Sources/MacNotch/Clipboard/ClipboardCategoryBar.swift"; sourceTree = "<group>"; };
		54DA4D0643C24E4489C14759 /* ClipboardDetailView.swift */ = {isa = PBXFileReference; lastKnownFileType = sourcecode.swift; path = "Sources/MacNotch/Clipboard/ClipboardDetailView.swift"; sourceTree = "<group>"; };
		4B54D167328443AB8A0D0C1A /* ClipboardDuplicatePolicy.swift */ = {isa = PBXFileReference; lastKnownFileType = sourcecode.swift; path = "Sources/MacNotch/Clipboard/ClipboardDuplicatePolicy.swift"; sourceTree = "<group>"; };
		9B5B4BCE1FF0491BB3E86DDD /* ClipboardItem.swift */ = {isa = PBXFileReference; lastKnownFileType = sourcecode.swift; path = "Sources/MacNotch/Clipboard/ClipboardItem.swift"; sourceTree = "<group>"; };
		8F51BB6C47B840A7B63C84E0 /* ClipboardManager.swift */ = {isa = PBXFileReference; lastKnownFileType = sourcecode.swift; path = "Sources/MacNotch/Clipboard/ClipboardManager.swift"; sourceTree = "<group>"; };
		19FDCFDC00F344F9A5165B06 /* ClipboardPreviewProvider.swift */ = {isa = PBXFileReference; lastKnownFileType = sourcecode.swift; path = "Sources/MacNotch/Clipboard/ClipboardPreviewProvider.swift"; sourceTree = "<group>"; };
		7E37E5FDE0074D8998886E2A /* ClipboardSearchBar.swift */ = {isa = PBXFileReference; lastKnownFileType = sourcecode.swift; path = "Sources/MacNotch/Clipboard/ClipboardSearchBar.swift"; sourceTree = "<group>"; };
		67376FBD1AB848D286D14599 /* ClipboardSearchEngine.swift */ = {isa = PBXFileReference; lastKnownFileType = sourcecode.swift; path = "Sources/MacNotch/Clipboard/ClipboardSearchEngine.swift"; sourceTree = "<group>"; };
		22544E4F2F95402489599582 /* ClipboardStore.swift */ = {isa = PBXFileReference; lastKnownFileType = sourcecode.swift; path = "Sources/MacNotch/Clipboard/ClipboardStore.swift"; sourceTree = "<group>"; };
		5BA2BD0E76B84EBD94AD706C /* ClipboardView.swift */ = {isa = PBXFileReference; lastKnownFileType = sourcecode.swift; path = "Sources/MacNotch/Clipboard/ClipboardView.swift"; sourceTree = "<group>"; };
		5A564C3EBE7749A985BC7490 /* Info.plist */ = {isa = PBXFileReference; lastKnownFileType = text.plist.xml; path = "SupportingFiles/Info.plist"; sourceTree = "<group>"; };
		2547433AD5904DBB81EA1E23 /* MacNotch.entitlements */ = {isa = PBXFileReference; lastKnownFileType = text.plist.entitlements; path = "SupportingFiles/MacNotch.entitlements"; sourceTree = "<group>"; };
		7944AC48B35248F7A3246A06 /* MacNotch.app */ = {isa = PBXFileReference; explicitFileType = wrapper.application; includeInIndex = 0; path = MacNotch.app; sourceTree = BUILT_PRODUCTS_DIR; };
/* End PBXFileReference section */

/* Begin PBXFrameworksBuildPhase section */
		15182ADF7A6A4FAABFDD383B /* Frameworks */ = {
			isa = PBXFrameworksBuildPhase;
			buildActionMask = 2147483647;
			files = (
			);
			runOnlyForDeploymentPostprocessing = 0;
		};
/* End PBXFrameworksBuildPhase section */

/* Begin PBXGroup section */
		1D1F851EC1E14A7EA461941C = {
			isa = PBXGroup;
			children = (
				FA9E4BA8A89C4D8A8D268FF2 /* Sources */,
				E0CE91F1541B4987B1F3C8D4 /* SupportingFiles */,
				DD5C08262F9144029C9294D4 /* Products */,
			);
			sourceTree = "<group>";
		};
		FA9E4BA8A89C4D8A8D268FF2 /* Sources */ = {
			isa = PBXGroup;
			children = (
				FE245A6358144569810AE308 /* CollapsedNotchView.swift */,
				E0198FA60A8B46968E2997A0 /* ExpandedNotchView.swift */,
				53ED8579302F4BA697B041F4 /* NotchPanel.swift */,
				0DF980F4A1F9453188CFD11A /* NotchShape.swift */,
				F201B1294EBF4FC993E1AC67 /* NotchView.swift */,
				28ACA5C0C31046B295141DBD /* MediaRemoteNowPlayingProvider.swift */,
				40EE47D671984D6196F95085 /* MusicStudioListView.swift */,
				6ADE6C25CBAD44ADB6912146 /* MusicStudioNowPlayingProvider.swift */,
				BDFFE31468A7441D955B65ED /* MusicView.swift */,
				BAD0D9D3AE47456CB47F0CE2 /* NowPlayingService.swift */,
				FA17DAEFE8544B0EAC13C5C1 /* SystemNowPlayingService.swift */,
				B48D008F36BB488A8D6F9AE2 /* Track.swift */,
				E9967739508D43F2952817B9 /* SettingsStore.swift */,
				EFEE0ADDFE84447BBE75B1B1 /* SettingsView.swift */,
				FFABC03D5292468FA31E2711 /* SettingsWindowController.swift */,
				AA4900827ADD4A7D8AE3C13E /* AppState.swift */,
				4F1FC19E392A487680AA4F8B /* CoordinateConverter.swift */,
				987D810226FA445FA669B8EB /* DisplayCapabilities.swift */,
				39C5CA79E85E44FEAA367D1D /* GeometryOverlayWindow.swift */,
				F99CEB84668B43AFA3773F83 /* MouseTracker.swift */,
				2485F40C8B414E8EBC0212AD /* NotchDetector.swift */,
				BBD458C29C7A4C7AAE4BF995 /* NotchGeometry.swift */,
				06391D9E0CE3491FB396AD1B /* ScreenManager.swift */,
				79046A4A5061497EA3BE91B6 /* WindowManager.swift */,
				2C8E7BB8EF154EB28CC5A3EE /* AppDelegate.swift */,
				AA1B345946734329AE097BFC /* MacNotchApp.swift */,
				2A31872C64644EA3B2D26370 /* MenuBarManager.swift */,
				6FC6735AD6E34D4BBFE758C9 /* AirDropService.swift */,
				C74F6AA5418545B99C73D414 /* DesignSystem.swift */,
				43CB8A3899994702A0669DBB /* Extensions.swift */,
				8A9941BBD4E149B7981C7EE5 /* CalendarView.swift */,
				B262423FA57940EDA7509EAD /* TimeService.swift */,
				A7203497FCDA4BD68632F4A0 /* TimeView.swift */,
				183736E74488482BA12B08DC /* WeatherModel.swift */,
				A638FAE9C0194C05B08CEA73 /* WeatherService.swift */,
				391679745F644937AD73733A /* WeatherView.swift */,
				86A37631B1794D3AB4E78D68 /* ClipboardCardView.swift */,
				EB8D60DA519E43529B3A304F /* ClipboardCategory.swift */,
				B1E3EEFD465A46ECBF114257 /* ClipboardCategoryBar.swift */,
				54DA4D0643C24E4489C14759 /* ClipboardDetailView.swift */,
				4B54D167328443AB8A0D0C1A /* ClipboardDuplicatePolicy.swift */,
				9B5B4BCE1FF0491BB3E86DDD /* ClipboardItem.swift */,
				8F51BB6C47B840A7B63C84E0 /* ClipboardManager.swift */,
				19FDCFDC00F344F9A5165B06 /* ClipboardPreviewProvider.swift */,
				7E37E5FDE0074D8998886E2A /* ClipboardSearchBar.swift */,
				67376FBD1AB848D286D14599 /* ClipboardSearchEngine.swift */,
				22544E4F2F95402489599582 /* ClipboardStore.swift */,
				5BA2BD0E76B84EBD94AD706C /* ClipboardView.swift */,
			);
			name = Sources;
			sourceTree = "<group>";
		};
		E0CE91F1541B4987B1F3C8D4 /* SupportingFiles */ = {
			isa = PBXGroup;
			children = (
				5A564C3EBE7749A985BC7490 /* Info.plist */,
				2547433AD5904DBB81EA1E23 /* MacNotch.entitlements */,
			);
			name = SupportingFiles;
			sourceTree = "<group>";
		};
		DD5C08262F9144029C9294D4 /* Products */ = {
			isa = PBXGroup;
			children = (
				7944AC48B35248F7A3246A06 /* MacNotch.app */,
			);
			name = Products;
			sourceTree = "<group>";
		};
/* End PBXGroup section */

/* Begin PBXNativeTarget section */
		C4B40BA042EE4DCAA503DF4E /* MacNotch */ = {
			isa = PBXNativeTarget;
			buildConfigurationList = 489AB178A00548AE82FF24A1 /* Build configuration list for PBXNativeTarget "MacNotch" */;
			buildPhases = (
				3BD830088AA54B44895BED26 /* Sources */,
				15182ADF7A6A4FAABFDD383B /* Frameworks */,
				33D0CF18C5D7493395F5EFBC /* Resources */,
			);
			buildRules = (
			);
			dependencies = (
			);
			name = MacNotch;
			productName = MacNotch;
			productReference = 7944AC48B35248F7A3246A06 /* MacNotch.app */;
			productType = "com.apple.product-type.application";
		};
/* End PBXNativeTarget section */

/* Begin PBXProject section */
		0C130F43CA524AD08FA5D8A0 /* Project object */ = {
			isa = PBXProject;
			attributes = {
				BuildIndependentTargetsInParallel = 1;
				LastSwiftUpdateCheck = 1600;
				LastUpgradeCheck = 1600;
				TargetAttributes = {
					C4B40BA042EE4DCAA503DF4E = {
						CreatedOnToolsVersion = 16.0;
					};
				};
			};
			buildConfigurationList = 86B4172A95CF4C5A94B92D08 /* Build configuration list for PBXProject "MacNotch" */;
			compatibilityVersion = "Xcode 14.0";
			developmentRegion = en;
			hasScannedForEncodings = 0;
			knownRegions = (
				en,
				Base,
			);
			mainGroup = 1D1F851EC1E14A7EA461941C;
			productRefGroup = DD5C08262F9144029C9294D4 /* Products */;
			projectDirPath = "";
			projectRoot = "";
			targets = (
				C4B40BA042EE4DCAA503DF4E /* MacNotch */,
			);
		};
/* End PBXProject section */

/* Begin PBXResourcesBuildPhase section */
		33D0CF18C5D7493395F5EFBC /* Resources */ = {
			isa = PBXResourcesBuildPhase;
			buildActionMask = 2147483647;
			files = (
			);
			runOnlyForDeploymentPostprocessing = 0;
		};
/* End PBXResourcesBuildPhase section */

/* Begin PBXSourcesBuildPhase section */
		3BD830088AA54B44895BED26 /* Sources */ = {
			isa = PBXSourcesBuildPhase;
			buildActionMask = 2147483647;
			files = (
				433F253D3F3A494384E5F0A3 /* CollapsedNotchView.swift in Sources */,
				F4274C09C6224AC0B183D071 /* ExpandedNotchView.swift in Sources */,
				FA6D3286C27A4BFBA388189B /* NotchPanel.swift in Sources */,
				A7FCB7C3A02849A693A9A0EB /* NotchShape.swift in Sources */,
				9851B0C23A7A43E3825AF520 /* NotchView.swift in Sources */,
				D86DC37E849C43CB8F5A82BA /* MediaRemoteNowPlayingProvider.swift in Sources */,
				35CDE69AD36E40E88A6A4170 /* MusicStudioListView.swift in Sources */,
				3B556D318D964EF39EC51FC6 /* MusicStudioNowPlayingProvider.swift in Sources */,
				48F85CD1CD1C42BDB6F60888 /* MusicView.swift in Sources */,
				7C7A91EFEF1846E2BB2BDC80 /* NowPlayingService.swift in Sources */,
				99B137DA1D9A44EF9D1556C8 /* SystemNowPlayingService.swift in Sources */,
				5AC920E9E1DD49159D62F630 /* Track.swift in Sources */,
				E4EF1714EB9148BC99FB60CA /* SettingsStore.swift in Sources */,
				FC8972B4C6A644DD983C47A7 /* SettingsView.swift in Sources */,
				C78D9F5552EF4F71AFA6EBAA /* SettingsWindowController.swift in Sources */,
				E4BC150A97594F568D79B01F /* AppState.swift in Sources */,
				BDBB54EB994B4681A02D3B0E /* CoordinateConverter.swift in Sources */,
				EBB5E9788D1C48CC94DAEC9D /* DisplayCapabilities.swift in Sources */,
				B6B65A572C214C8BA0F14B97 /* GeometryOverlayWindow.swift in Sources */,
				4B8223FB828E47478D7CE25A /* MouseTracker.swift in Sources */,
				F7F5757B152C4DA5B96E9182 /* NotchDetector.swift in Sources */,
				94D7860763C14F4298188E46 /* NotchGeometry.swift in Sources */,
				70DE0E2D0387479E86F2BA48 /* ScreenManager.swift in Sources */,
				A5625284CAE444FCB3BF560B /* WindowManager.swift in Sources */,
				F8FF76E3EF1C4CDF9FADA9B2 /* AppDelegate.swift in Sources */,
				0D2011F71DF0458FB9839133 /* MacNotchApp.swift in Sources */,
				B169FB3DF1AE43388A394414 /* MenuBarManager.swift in Sources */,
				0AF82F3074B44C08B2C4299D /* AirDropService.swift in Sources */,
				E9298B57261444D3B830DC7D /* DesignSystem.swift in Sources */,
				383768ED1C224B74B310C91E /* Extensions.swift in Sources */,
				57C6322518E24D208B0E11F2 /* CalendarView.swift in Sources */,
				3CC03CE7B2A54743BBBEAF47 /* TimeService.swift in Sources */,
				7C0806239FFD47CEB31E2ACA /* TimeView.swift in Sources */,
				74B9279939A1400A826FE1F9 /* WeatherModel.swift in Sources */,
				BE47F7C6CC0A450DB6CE7541 /* WeatherService.swift in Sources */,
				F2B707EBBA5B4AE58663BF40 /* WeatherView.swift in Sources */,
				2A3C4E7492484BD7BCA58231 /* ClipboardCardView.swift in Sources */,
				D819396B33F04A65AB701C69 /* ClipboardCategory.swift in Sources */,
				A80A3DE375624E95BCD963EE /* ClipboardCategoryBar.swift in Sources */,
				024E9BDDCDEF4BE4B562ADE3 /* ClipboardDetailView.swift in Sources */,
				8CD7141D731A48029062BA1E /* ClipboardDuplicatePolicy.swift in Sources */,
				475C7C80BB6E4A62BF71925C /* ClipboardItem.swift in Sources */,
				36D74E716B834D328A5F6ED0 /* ClipboardManager.swift in Sources */,
				67EEC951901E4796844E89D8 /* ClipboardPreviewProvider.swift in Sources */,
				D25C359796B64A1FB6F1CA09 /* ClipboardSearchBar.swift in Sources */,
				DC904FAC1FDC4C52B1A7E723 /* ClipboardSearchEngine.swift in Sources */,
				FB6B3414D87642349661D844 /* ClipboardStore.swift in Sources */,
				30B4FE3F08304B8696304F12 /* ClipboardView.swift in Sources */,
			);
			runOnlyForDeploymentPostprocessing = 0;
		};
/* End PBXSourcesBuildPhase section */

/* Begin XCBuildConfiguration section */
		1FB36CB11326498A9AC8F793 /* Debug */ = {
			isa = XCBuildConfiguration;
			buildSettings = {
				ALWAYS_SEARCH_USER_PATHS = NO;
				CLANG_ANALYZER_NONNULL = YES;
				CLANG_ANALYZER_NUMBER_OBJECT_CONVERSION = YES_AGGRESSIVE;
				CLANG_CXX_LANGUAGE_STANDARD = "gnu++20";
				CLANG_ENABLE_MODULES = YES;
				CLANG_ENABLE_OBJC_ARC = YES;
				CLANG_WARN_BLOCK_CAPTURE_AUTORELEASING = YES;
				CLANG_WARN_BOOL_CONVERSION = YES;
				CLANG_WARN_COMMA = YES;
				CLANG_WARN_CONSTANT_CONVERSION = YES;
				CLANG_WARN_DIRECT_OBJC_ISA_USAGE = YES_ERROR;
				CLANG_WARN_DOCUMENTATION_COMMENTS = YES;
				CLANG_WARN_EMPTY_BODY = YES;
				CLANG_WARN_ENUM_CONVERSION = YES;
				CLANG_WARN_INFINITE_RECURSION = YES;
				CLANG_WARN_INT_CONVERSION = YES;
				CLANG_WARN_NON_LITERAL_NULL_CONVERSION = YES;
				CLANG_WARN_OBJC_LITERAL_CONVERSION = YES;
				CLANG_WARN_OBJC_ROOT_CLASS = YES_ERROR;
				CLANG_WARN_QUOTED_INCLUDE_IN_FRAMEWORK_HEADER = YES;
				CLANG_WARN_RANGE_LOOP_ANALYSIS = YES;
				CLANG_WARN_STRICT_PROTOTYPES = YES;
				CLANG_WARN_SUSPICIOUS_MOVE = YES;
				CLANG_WARN_UNGUARDED_AVAILABILITY = YES_AGGRESSIVE;
				CLANG_WARN_UNREACHABLE_CODE = YES;
				CLANG_WARN__DUPLICATE_METHOD_MATCH = YES;
				COPY_PHASE_STRIP = NO;
				DEBUG_INFORMATION_FORMAT = dwarf;
				ENABLE_STRICT_OBJC_MSGSEND = YES;
				ENABLE_TESTABILITY = YES;
				GCC_C_LANGUAGE_STANDARD = gnu17;
				GCC_DYNAMIC_NO_PIC = NO;
				GCC_NO_COMMON_BLOCKS = YES;
				GCC_OPTIMIZATION_LEVEL = 0;
				GCC_PREPROCESSOR_DEFINITIONS = (
					"DEBUG=1",
					"$(inherited)",
				);
				GCC_WARN_64_TO_32_BIT_CONVERSION = YES;
				GCC_WARN_ABOUT_RETURN_TYPE = YES_ERROR;
				GCC_WARN_UNDEFINED_MACROS = YES;
				GCC_WARN_UNINITIALIZED_AUTOS = YES_AGGRESSIVE;
				GCC_WARN_UNUSED_FUNCTION = YES;
				GCC_WARN_UNUSED_VARIABLE = YES;
				MACOSX_DEPLOYMENT_TARGET = 14.0;
				MTL_ENABLE_DEBUG_INFO = INCLUDE_SOURCE;
				MTL_FAST_MATH = YES;
				ARCHS = "$(ARCHS_STANDARD)";
				ONLY_ACTIVE_ARCH = NO;
				SDKROOT = macosx;
				SWIFT_ACTIVE_COMPILATION_CONDITIONS = "DEBUG $(inherited)";
				SWIFT_OPTIMIZATION_LEVEL = "-Onone";
				SWIFT_VERSION = 5.0;
			};
			name = Debug;
		};
		F56452785E7F49A89FAA72EC /* Release */ = {
			isa = XCBuildConfiguration;
			buildSettings = {
				ALWAYS_SEARCH_USER_PATHS = NO;
				CLANG_ANALYZER_NONNULL = YES;
				CLANG_ANALYZER_NUMBER_OBJECT_CONVERSION = YES_AGGRESSIVE;
				CLANG_CXX_LANGUAGE_STANDARD = "gnu++20";
				CLANG_ENABLE_MODULES = YES;
				CLANG_ENABLE_OBJC_ARC = YES;
				CLANG_WARN_BLOCK_CAPTURE_AUTORELEASING = YES;
				CLANG_WARN_BOOL_CONVERSION = YES;
				CLANG_WARN_COMMA = YES;
				CLANG_WARN_CONSTANT_CONVERSION = YES;
				CLANG_WARN_DIRECT_OBJC_ISA_USAGE = YES_ERROR;
				CLANG_WARN_DOCUMENTATION_COMMENTS = YES;
				CLANG_WARN_EMPTY_BODY = YES;
				CLANG_WARN_ENUM_CONVERSION = YES;
				CLANG_WARN_INFINITE_RECURSION = YES;
				CLANG_WARN_INT_CONVERSION = YES;
				CLANG_WARN_NON_LITERAL_NULL_CONVERSION = YES;
				CLANG_WARN_OBJC_LITERAL_CONVERSION = YES;
				CLANG_WARN_OBJC_ROOT_CLASS = YES_ERROR;
				CLANG_WARN_QUOTED_INCLUDE_IN_FRAMEWORK_HEADER = YES;
				CLANG_WARN_RANGE_LOOP_ANALYSIS = YES;
				CLANG_WARN_STRICT_PROTOTYPES = YES;
				CLANG_WARN_SUSPICIOUS_MOVE = YES;
				CLANG_WARN_UNGUARDED_AVAILABILITY = YES_AGGRESSIVE;
				CLANG_WARN_UNREACHABLE_CODE = YES;
				CLANG_WARN__DUPLICATE_METHOD_MATCH = YES;
				COPY_PHASE_STRIP = NO;
				DEBUG_INFORMATION_FORMAT = "dwarf-with-dsym";
				ENABLE_NS_ASSERTIONS = NO;
				ENABLE_STRICT_OBJC_MSGSEND = YES;
				GCC_C_LANGUAGE_STANDARD = gnu17;
				GCC_NO_COMMON_BLOCKS = YES;
				GCC_WARN_64_TO_32_BIT_CONVERSION = YES;
				GCC_WARN_ABOUT_RETURN_TYPE = YES_ERROR;
				GCC_WARN_UNDEFINED_MACROS = YES;
				GCC_WARN_UNINITIALIZED_AUTOS = YES_AGGRESSIVE;
				GCC_WARN_UNUSED_FUNCTION = YES;
				GCC_WARN_UNUSED_VARIABLE = YES;
				MACOSX_DEPLOYMENT_TARGET = 14.0;
				MTL_ENABLE_DEBUG_INFO = NO;
				MTL_FAST_MATH = YES;
				ARCHS = "$(ARCHS_STANDARD)";
				SDKROOT = macosx;
				SWIFT_COMPILATION_MODE = "wholemodule";
				SWIFT_OPTIMIZATION_LEVEL = "-O";
				SWIFT_VERSION = 5.0;
			};
			name = Release;
		};
		3397106A24AF46C8875FC4C0 /* Debug */ = {
			isa = XCBuildConfiguration;
			buildSettings = {
				ASSETCATALOG_COMPILER_APPICON_NAME = AppIcon;
				CODE_SIGN_ENTITLEMENTS = "SupportingFiles/MacNotch.entitlements";
				CODE_SIGN_IDENTITY = "-";
				CODE_SIGN_STYLE = Manual;
				CURRENT_PROJECT_VERSION = 1;
				ENABLE_PREVIEWS = YES;
				GENERATE_INFOPLIST_FILE = NO;
				INFOPLIST_FILE = "SupportingFiles/Info.plist";
				LD_RUNPATH_SEARCH_PATHS = (
					"$(inherited)",
					"@executable_path/../Frameworks",
				);
				MARKETING_VERSION = 1.0.0;
				PRODUCT_BUNDLE_IDENTIFIER = com.sahasbelbase.MacNotch;
				PRODUCT_NAME = "$(TARGET_NAME)";
				SWIFT_EMIT_LOC_STRINGS = YES;
			};
			name = Debug;
		};
		9383DFC5AE5046F68812D2DF /* Release */ = {
			isa = XCBuildConfiguration;
			buildSettings = {
				ASSETCATALOG_COMPILER_APPICON_NAME = AppIcon;
				CODE_SIGN_ENTITLEMENTS = "SupportingFiles/MacNotch.entitlements";
				CODE_SIGN_IDENTITY = "-";
				CODE_SIGN_STYLE = Manual;
				CURRENT_PROJECT_VERSION = 1;
				ENABLE_PREVIEWS = YES;
				GENERATE_INFOPLIST_FILE = NO;
				INFOPLIST_FILE = "SupportingFiles/Info.plist";
				LD_RUNPATH_SEARCH_PATHS = (
					"$(inherited)",
					"@executable_path/../Frameworks",
				);
				MARKETING_VERSION = 1.0.0;
				PRODUCT_BUNDLE_IDENTIFIER = com.sahasbelbase.MacNotch;
				PRODUCT_NAME = "$(TARGET_NAME)";
				SWIFT_EMIT_LOC_STRINGS = YES;
			};
			name = Release;
		};
/* End XCBuildConfiguration section */

/* Begin XCConfigurationList section */
		86B4172A95CF4C5A94B92D08 /* Build configuration list for PBXProject "MacNotch" */ = {
			isa = XCConfigurationList;
			buildConfigurations = (
				1FB36CB11326498A9AC8F793 /* Debug */,
				F56452785E7F49A89FAA72EC /* Release */,
			);
			defaultConfigurationIsVisible = 0;
			defaultConfigurationName = Release;
		};
		489AB178A00548AE82FF24A1 /* Build configuration list for PBXNativeTarget "MacNotch" */ = {
			isa = XCConfigurationList;
			buildConfigurations = (
				3397106A24AF46C8875FC4C0 /* Debug */,
				9383DFC5AE5046F68812D2DF /* Release */,
			);
			defaultConfigurationIsVisible = 0;
			defaultConfigurationName = Release;
		};
/* End XCConfigurationList section */

	};
	rootObject = 0C130F43CA524AD08FA5D8A0 /* Project object */;
}
