// !$*UTF8*$!
{
	archiveVersion = 1;
	classes = {
	};
	objectVersion = 56;
	objects = {

/* Begin PBXBuildFile section */
		71603332A7A9477AA94F5668 /* CollapsedNotchView.swift in Sources */ = {isa = PBXBuildFile; fileRef = 8DA73B3449CC4A1190796516 /* CollapsedNotchView.swift */; };
		1ACE658F1F3A468691A847BE /* ExpandedNotchView.swift in Sources */ = {isa = PBXBuildFile; fileRef = 42E6D2BCB8394C199379E3D8 /* ExpandedNotchView.swift */; };
		499F44EC435D425AA43F9929 /* NotchHUDView.swift in Sources */ = {isa = PBXBuildFile; fileRef = DF9FC4C58236494FB6254FB4 /* NotchHUDView.swift */; };
		D63162D22D2844D5985F129E /* NotchPanel.swift in Sources */ = {isa = PBXBuildFile; fileRef = A9AB3BCE7ED14C81AA99AE05 /* NotchPanel.swift */; };
		E31BD34D702F43C1BFCD1FE5 /* NotchShape.swift in Sources */ = {isa = PBXBuildFile; fileRef = 53A24FE2CD5249EC933DE3B6 /* NotchShape.swift */; };
		E7E86F408B4045FCA58C6B15 /* NotchView.swift in Sources */ = {isa = PBXBuildFile; fileRef = 4720A954E858468A8C230ADC /* NotchView.swift */; };
		874D2FF2E5724D638745B540 /* MediaRemoteNowPlayingProvider.swift in Sources */ = {isa = PBXBuildFile; fileRef = BE99090C4B6C422CB3C46372 /* MediaRemoteNowPlayingProvider.swift */; };
		C1D1E72D6D6A4EA7B1C8C409 /* MusicStudioListView.swift in Sources */ = {isa = PBXBuildFile; fileRef = 0474B22A6C944D7F84F82FFC /* MusicStudioListView.swift */; };
		3DC3857EEAD640398B90A522 /* MusicStudioNowPlayingProvider.swift in Sources */ = {isa = PBXBuildFile; fileRef = AE339CB021584D98A0CEE060 /* MusicStudioNowPlayingProvider.swift */; };
		A11C8F9943B742848F11896F /* MusicView.swift in Sources */ = {isa = PBXBuildFile; fileRef = 37A7133EE7BE46DA8EB85186 /* MusicView.swift */; };
		9138D207439143BEAEE81908 /* NowPlayingService.swift in Sources */ = {isa = PBXBuildFile; fileRef = 4C763E5766D24396BEBAC2AE /* NowPlayingService.swift */; };
		E5C53289E29540C39BC8A455 /* SystemNowPlayingService.swift in Sources */ = {isa = PBXBuildFile; fileRef = 0F80ED4F14674096885B2ABC /* SystemNowPlayingService.swift */; };
		C595CFFFC6104C05A902FE84 /* Track.swift in Sources */ = {isa = PBXBuildFile; fileRef = 2CE79104CD0645C697C76486 /* Track.swift */; };
		5CAC3A2D092A4E438169DC9F /* WaveformVisualizerView.swift in Sources */ = {isa = PBXBuildFile; fileRef = DA0F8568E2064BCCBE1632BE /* WaveformVisualizerView.swift */; };
		5A7F99AA6B3F4EAAAB4B1CB5 /* SettingsStore.swift in Sources */ = {isa = PBXBuildFile; fileRef = FEAE26D86A1740C5B8CB647B /* SettingsStore.swift */; };
		F6B2FEFAC0E4447A9130EFBA /* SettingsView.swift in Sources */ = {isa = PBXBuildFile; fileRef = 630CF68A06424EAEB5C2C589 /* SettingsView.swift */; };
		DA0A3B4EF53C42EFB7968EC9 /* SettingsWindowController.swift in Sources */ = {isa = PBXBuildFile; fileRef = 6AFDD610309B49139DA22CAB /* SettingsWindowController.swift */; };
		779ADF26DD394DC9945DE62B /* ColorSamplerService.swift in Sources */ = {isa = PBXBuildFile; fileRef = 418C5B94C1214137B29542E7 /* ColorSamplerService.swift */; };
		F56D3BF5711A49968D352416 /* PowerToolsView.swift in Sources */ = {isa = PBXBuildFile; fileRef = 5DB414FD5DB14362B567EE81 /* PowerToolsView.swift */; };
		8AE75CF9574046A9B27DC9B3 /* QRCodeService.swift in Sources */ = {isa = PBXBuildFile; fileRef = 25BEE42527844EDDBA0DF2E0 /* QRCodeService.swift */; };
		EC8CD5FDF3FD4B578EC29B73 /* ScreenOCRService.swift in Sources */ = {isa = PBXBuildFile; fileRef = 73B88330C2A745A6979FC2FD /* ScreenOCRService.swift */; };
		B4453D0C98CA48E3B5E67566 /* CalendarSyncService.swift in Sources */ = {isa = PBXBuildFile; fileRef = 53D1EDC403644E9881F0DB55 /* CalendarSyncService.swift */; };
		8263D736AC0548A1844D9888 /* AppState.swift in Sources */ = {isa = PBXBuildFile; fileRef = 993258998A384371AF64DE17 /* AppState.swift */; };
		7A32B9D0B63C49229C8A2B6E /* BatteryService.swift in Sources */ = {isa = PBXBuildFile; fileRef = E6BA97046DF64AFB8886A5B6 /* BatteryService.swift */; };
		F4D89B19F98D4436B62D7A09 /* BluetoothAccessoryService.swift in Sources */ = {isa = PBXBuildFile; fileRef = 1C2FAAA124D74EA597B5E214 /* BluetoothAccessoryService.swift */; };
		D3145D32D50A4C3B9E8D695E /* CoordinateConverter.swift in Sources */ = {isa = PBXBuildFile; fileRef = 67915A732E8441ECA5E3D834 /* CoordinateConverter.swift */; };
		6BEF2D9623734A7ABDBF6F08 /* DisplayCapabilities.swift in Sources */ = {isa = PBXBuildFile; fileRef = CC895BC3D8664C3CBCD6934B /* DisplayCapabilities.swift */; };
		C1B4FBB8A2D9413A8A899E29 /* GeometryOverlayWindow.swift in Sources */ = {isa = PBXBuildFile; fileRef = 52C0F3DDD6E540F99A04426E /* GeometryOverlayWindow.swift */; };
		C9E57AB5BB604235988AB96E /* HardwareBrightnessService.swift in Sources */ = {isa = PBXBuildFile; fileRef = 7140D678079E47DC824F5F87 /* HardwareBrightnessService.swift */; };
		7D3E7FE4448D48BF9BCAE04A /* MouseTracker.swift in Sources */ = {isa = PBXBuildFile; fileRef = 36450D309D23431D974DEC9E /* MouseTracker.swift */; };
		01CA3FD0CEF048DCA7B525DA /* NotchDetector.swift in Sources */ = {isa = PBXBuildFile; fileRef = 4DF0390140E54F17A49C1A6F /* NotchDetector.swift */; };
		CC61EC8A59E446D8AB4B98C0 /* NotchGeometry.swift in Sources */ = {isa = PBXBuildFile; fileRef = 349BD0B7470B450A9453D84B /* NotchGeometry.swift */; };
		6E2DF61CCACF482494251408 /* ScreenManager.swift in Sources */ = {isa = PBXBuildFile; fileRef = FA5B83C307DF4312A8BDBA51 /* ScreenManager.swift */; };
		5D612C48E12D43C5AEA0AD41 /* SystemHUDService.swift in Sources */ = {isa = PBXBuildFile; fileRef = EEBA047FF4E74ADCAC47D78B /* SystemHUDService.swift */; };
		FDE9B0DF317B40D58DA27E58 /* WindowManager.swift in Sources */ = {isa = PBXBuildFile; fileRef = 560C5900757145BFA258F11E /* WindowManager.swift */; };
		8C141ED1DEE346E788889513 /* AppDelegate.swift in Sources */ = {isa = PBXBuildFile; fileRef = CE0716B6D00A4F5D8BB7F9E2 /* AppDelegate.swift */; };
		676FA8B56A144D8DB3884969 /* MacNotchApp.swift in Sources */ = {isa = PBXBuildFile; fileRef = 87DE2596CBDD4602877A5181 /* MacNotchApp.swift */; };
		57583CB263594BE99E460D45 /* MenuBarManager.swift in Sources */ = {isa = PBXBuildFile; fileRef = 6C974167AFFA432BAD815C49 /* MenuBarManager.swift */; };
		8461E749B5E647D2849CCFC5 /* AirDropService.swift in Sources */ = {isa = PBXBuildFile; fileRef = CBFF4395782740A697782C0E /* AirDropService.swift */; };
		286FD3D136FC4F5AA9234B26 /* DesignSystem.swift in Sources */ = {isa = PBXBuildFile; fileRef = FEB918AA36C14C659F6BBA9F /* DesignSystem.swift */; };
		6F6D055C63E34B03B04EF073 /* Extensions.swift in Sources */ = {isa = PBXBuildFile; fileRef = 7705C38DA5A9480DA71A00A8 /* Extensions.swift */; };
		9C94031B4AC74E0F9CD811CB /* CalendarView.swift in Sources */ = {isa = PBXBuildFile; fileRef = F4F3AFC507F647EBAE4AEAB4 /* CalendarView.swift */; };
		6DDC418FD6C84C5D81364319 /* TimeService.swift in Sources */ = {isa = PBXBuildFile; fileRef = C27E0CC1ECEF4C07BF825592 /* TimeService.swift */; };
		3EE54A98C30743A3829A8A1A /* TimeView.swift in Sources */ = {isa = PBXBuildFile; fileRef = 3F15D864DEEA4F4BB03CE827 /* TimeView.swift */; };
		F914BD1A79FF4A93B2C1FF99 /* TimerService.swift in Sources */ = {isa = PBXBuildFile; fileRef = F8183B47C5C4448698FE5159 /* TimerService.swift */; };
		7CDB5334835A4780AD83F41A /* TimerWidgetView.swift in Sources */ = {isa = PBXBuildFile; fileRef = C74C90AA63994A7094392CC6 /* TimerWidgetView.swift */; };
		0CA6F48D3DD04BC7B85C3F49 /* WeatherModel.swift in Sources */ = {isa = PBXBuildFile; fileRef = 20A05530FDA34A9D868D9536 /* WeatherModel.swift */; };
		2B19A7043EB34E32A015183D /* WeatherService.swift in Sources */ = {isa = PBXBuildFile; fileRef = 4FDD0894B7E44643A0E199FF /* WeatherService.swift */; };
		CECA8479E40545A08D437262 /* WeatherView.swift in Sources */ = {isa = PBXBuildFile; fileRef = E4F6B31AA9EB435FBD6468F2 /* WeatherView.swift */; };
		4EDD541EEECF40EAAC0156F4 /* FileShelfManager.swift in Sources */ = {isa = PBXBuildFile; fileRef = 1543723B887245D6A731218A /* FileShelfManager.swift */; };
		E701A4F89C2047CC8F334387 /* FileShelfView.swift in Sources */ = {isa = PBXBuildFile; fileRef = 46B1553306904F51B0B82206 /* FileShelfView.swift */; };
		9AD8FBCD0BF7407CBBCEF3A8 /* JotterManager.swift in Sources */ = {isa = PBXBuildFile; fileRef = 0C9CDE479E1443A9BE9B9D2F /* JotterManager.swift */; };
		512F4EDA64F84556B3262E2F /* JotterView.swift in Sources */ = {isa = PBXBuildFile; fileRef = 1F1D1C1E841849E28C31072A /* JotterView.swift */; };
		C918011E47EA4BE3B42DB052 /* ClipboardCardView.swift in Sources */ = {isa = PBXBuildFile; fileRef = 4C71AFFE28824F4AB63D65B8 /* ClipboardCardView.swift */; };
		BDD5665DB38E4BC2B80F1636 /* ClipboardCategory.swift in Sources */ = {isa = PBXBuildFile; fileRef = CD19C5D6B3F342DCBFA7C48D /* ClipboardCategory.swift */; };
		9C2C1B960DC948308CECD596 /* ClipboardCategoryBar.swift in Sources */ = {isa = PBXBuildFile; fileRef = 0CF7085645B5482E97872B7E /* ClipboardCategoryBar.swift */; };
		7EC3E1744E144953AC585568 /* ClipboardDetailView.swift in Sources */ = {isa = PBXBuildFile; fileRef = 59A129693636498BB8A78811 /* ClipboardDetailView.swift */; };
		85CEE97F2B55400884A7DFF1 /* ClipboardDuplicatePolicy.swift in Sources */ = {isa = PBXBuildFile; fileRef = 519342FCB19D4C12A7E9CFBE /* ClipboardDuplicatePolicy.swift */; };
		A4BD28E1A700451182B9E818 /* ClipboardItem.swift in Sources */ = {isa = PBXBuildFile; fileRef = 5B7FA11D3FB142AAAB7BCE9F /* ClipboardItem.swift */; };
		92846CE608A64EF589648D7F /* ClipboardManager.swift in Sources */ = {isa = PBXBuildFile; fileRef = A6AB384DB70C45328DC5334A /* ClipboardManager.swift */; };
		8F45DE7B43E2465D86905FED /* ClipboardPreviewProvider.swift in Sources */ = {isa = PBXBuildFile; fileRef = 27931F447918478F960EFB35 /* ClipboardPreviewProvider.swift */; };
		2A0A85EA5C4B4D80BF673E3F /* ClipboardSearchBar.swift in Sources */ = {isa = PBXBuildFile; fileRef = ACAB8A150A154D28AB7C4904 /* ClipboardSearchBar.swift */; };
		2D06B99FCC2741258797CD2A /* ClipboardSearchEngine.swift in Sources */ = {isa = PBXBuildFile; fileRef = 57B40068B20E40629F2C6E5F /* ClipboardSearchEngine.swift */; };
		434D3FFE3C61488A928F9A98 /* ClipboardStore.swift in Sources */ = {isa = PBXBuildFile; fileRef = 8087B125DB784D31B9AEEAC1 /* ClipboardStore.swift */; };
		2E14E08D4A42438E8F0B4BCD /* ClipboardView.swift in Sources */ = {isa = PBXBuildFile; fileRef = 1C85F1D597D44A2E9BBBEB88 /* ClipboardView.swift */; };
		068ED55CDAC4490683815DBE /* AppIcon.icns in Resources */ = {isa = PBXBuildFile; fileRef = 544438975FE24F549ED916D1 /* AppIcon.icns */; };
/* End PBXBuildFile section */

/* Begin PBXFileReference section */
		8DA73B3449CC4A1190796516 /* CollapsedNotchView.swift */ = {isa = PBXFileReference; lastKnownFileType = sourcecode.swift; path = "Sources/MacNotch/Notch/CollapsedNotchView.swift"; sourceTree = "<group>"; };
		42E6D2BCB8394C199379E3D8 /* ExpandedNotchView.swift */ = {isa = PBXFileReference; lastKnownFileType = sourcecode.swift; path = "Sources/MacNotch/Notch/ExpandedNotchView.swift"; sourceTree = "<group>"; };
		DF9FC4C58236494FB6254FB4 /* NotchHUDView.swift */ = {isa = PBXFileReference; lastKnownFileType = sourcecode.swift; path = "Sources/MacNotch/Notch/NotchHUDView.swift"; sourceTree = "<group>"; };
		A9AB3BCE7ED14C81AA99AE05 /* NotchPanel.swift */ = {isa = PBXFileReference; lastKnownFileType = sourcecode.swift; path = "Sources/MacNotch/Notch/NotchPanel.swift"; sourceTree = "<group>"; };
		53A24FE2CD5249EC933DE3B6 /* NotchShape.swift */ = {isa = PBXFileReference; lastKnownFileType = sourcecode.swift; path = "Sources/MacNotch/Notch/NotchShape.swift"; sourceTree = "<group>"; };
		4720A954E858468A8C230ADC /* NotchView.swift */ = {isa = PBXFileReference; lastKnownFileType = sourcecode.swift; path = "Sources/MacNotch/Notch/NotchView.swift"; sourceTree = "<group>"; };
		BE99090C4B6C422CB3C46372 /* MediaRemoteNowPlayingProvider.swift */ = {isa = PBXFileReference; lastKnownFileType = sourcecode.swift; path = "Sources/MacNotch/Music/MediaRemoteNowPlayingProvider.swift"; sourceTree = "<group>"; };
		0474B22A6C944D7F84F82FFC /* MusicStudioListView.swift */ = {isa = PBXFileReference; lastKnownFileType = sourcecode.swift; path = "Sources/MacNotch/Music/MusicStudioListView.swift"; sourceTree = "<group>"; };
		AE339CB021584D98A0CEE060 /* MusicStudioNowPlayingProvider.swift */ = {isa = PBXFileReference; lastKnownFileType = sourcecode.swift; path = "Sources/MacNotch/Music/MusicStudioNowPlayingProvider.swift"; sourceTree = "<group>"; };
		37A7133EE7BE46DA8EB85186 /* MusicView.swift */ = {isa = PBXFileReference; lastKnownFileType = sourcecode.swift; path = "Sources/MacNotch/Music/MusicView.swift"; sourceTree = "<group>"; };
		4C763E5766D24396BEBAC2AE /* NowPlayingService.swift */ = {isa = PBXFileReference; lastKnownFileType = sourcecode.swift; path = "Sources/MacNotch/Music/NowPlayingService.swift"; sourceTree = "<group>"; };
		0F80ED4F14674096885B2ABC /* SystemNowPlayingService.swift */ = {isa = PBXFileReference; lastKnownFileType = sourcecode.swift; path = "Sources/MacNotch/Music/SystemNowPlayingService.swift"; sourceTree = "<group>"; };
		2CE79104CD0645C697C76486 /* Track.swift */ = {isa = PBXFileReference; lastKnownFileType = sourcecode.swift; path = "Sources/MacNotch/Music/Track.swift"; sourceTree = "<group>"; };
		DA0F8568E2064BCCBE1632BE /* WaveformVisualizerView.swift */ = {isa = PBXFileReference; lastKnownFileType = sourcecode.swift; path = "Sources/MacNotch/Music/WaveformVisualizerView.swift"; sourceTree = "<group>"; };
		FEAE26D86A1740C5B8CB647B /* SettingsStore.swift */ = {isa = PBXFileReference; lastKnownFileType = sourcecode.swift; path = "Sources/MacNotch/Settings/SettingsStore.swift"; sourceTree = "<group>"; };
		630CF68A06424EAEB5C2C589 /* SettingsView.swift */ = {isa = PBXFileReference; lastKnownFileType = sourcecode.swift; path = "Sources/MacNotch/Settings/SettingsView.swift"; sourceTree = "<group>"; };
		6AFDD610309B49139DA22CAB /* SettingsWindowController.swift */ = {isa = PBXFileReference; lastKnownFileType = sourcecode.swift; path = "Sources/MacNotch/Settings/SettingsWindowController.swift"; sourceTree = "<group>"; };
		418C5B94C1214137B29542E7 /* ColorSamplerService.swift */ = {isa = PBXFileReference; lastKnownFileType = sourcecode.swift; path = "Sources/MacNotch/Tools/ColorSamplerService.swift"; sourceTree = "<group>"; };
		5DB414FD5DB14362B567EE81 /* PowerToolsView.swift */ = {isa = PBXFileReference; lastKnownFileType = sourcecode.swift; path = "Sources/MacNotch/Tools/PowerToolsView.swift"; sourceTree = "<group>"; };
		25BEE42527844EDDBA0DF2E0 /* QRCodeService.swift */ = {isa = PBXFileReference; lastKnownFileType = sourcecode.swift; path = "Sources/MacNotch/Tools/QRCodeService.swift"; sourceTree = "<group>"; };
		73B88330C2A745A6979FC2FD /* ScreenOCRService.swift */ = {isa = PBXFileReference; lastKnownFileType = sourcecode.swift; path = "Sources/MacNotch/Tools/ScreenOCRService.swift"; sourceTree = "<group>"; };
		53D1EDC403644E9881F0DB55 /* CalendarSyncService.swift */ = {isa = PBXFileReference; lastKnownFileType = sourcecode.swift; path = "Sources/MacNotch/Calendar/CalendarSyncService.swift"; sourceTree = "<group>"; };
		993258998A384371AF64DE17 /* AppState.swift */ = {isa = PBXFileReference; lastKnownFileType = sourcecode.swift; path = "Sources/MacNotch/Core/AppState.swift"; sourceTree = "<group>"; };
		E6BA97046DF64AFB8886A5B6 /* BatteryService.swift */ = {isa = PBXFileReference; lastKnownFileType = sourcecode.swift; path = "Sources/MacNotch/Core/BatteryService.swift"; sourceTree = "<group>"; };
		1C2FAAA124D74EA597B5E214 /* BluetoothAccessoryService.swift */ = {isa = PBXFileReference; lastKnownFileType = sourcecode.swift; path = "Sources/MacNotch/Core/BluetoothAccessoryService.swift"; sourceTree = "<group>"; };
		67915A732E8441ECA5E3D834 /* CoordinateConverter.swift */ = {isa = PBXFileReference; lastKnownFileType = sourcecode.swift; path = "Sources/MacNotch/Core/CoordinateConverter.swift"; sourceTree = "<group>"; };
		CC895BC3D8664C3CBCD6934B /* DisplayCapabilities.swift */ = {isa = PBXFileReference; lastKnownFileType = sourcecode.swift; path = "Sources/MacNotch/Core/DisplayCapabilities.swift"; sourceTree = "<group>"; };
		52C0F3DDD6E540F99A04426E /* GeometryOverlayWindow.swift */ = {isa = PBXFileReference; lastKnownFileType = sourcecode.swift; path = "Sources/MacNotch/Core/GeometryOverlayWindow.swift"; sourceTree = "<group>"; };
		7140D678079E47DC824F5F87 /* HardwareBrightnessService.swift */ = {isa = PBXFileReference; lastKnownFileType = sourcecode.swift; path = "Sources/MacNotch/Core/HardwareBrightnessService.swift"; sourceTree = "<group>"; };
		36450D309D23431D974DEC9E /* MouseTracker.swift */ = {isa = PBXFileReference; lastKnownFileType = sourcecode.swift; path = "Sources/MacNotch/Core/MouseTracker.swift"; sourceTree = "<group>"; };
		4DF0390140E54F17A49C1A6F /* NotchDetector.swift */ = {isa = PBXFileReference; lastKnownFileType = sourcecode.swift; path = "Sources/MacNotch/Core/NotchDetector.swift"; sourceTree = "<group>"; };
		349BD0B7470B450A9453D84B /* NotchGeometry.swift */ = {isa = PBXFileReference; lastKnownFileType = sourcecode.swift; path = "Sources/MacNotch/Core/NotchGeometry.swift"; sourceTree = "<group>"; };
		FA5B83C307DF4312A8BDBA51 /* ScreenManager.swift */ = {isa = PBXFileReference; lastKnownFileType = sourcecode.swift; path = "Sources/MacNotch/Core/ScreenManager.swift"; sourceTree = "<group>"; };
		EEBA047FF4E74ADCAC47D78B /* SystemHUDService.swift */ = {isa = PBXFileReference; lastKnownFileType = sourcecode.swift; path = "Sources/MacNotch/Core/SystemHUDService.swift"; sourceTree = "<group>"; };
		560C5900757145BFA258F11E /* WindowManager.swift */ = {isa = PBXFileReference; lastKnownFileType = sourcecode.swift; path = "Sources/MacNotch/Core/WindowManager.swift"; sourceTree = "<group>"; };
		CE0716B6D00A4F5D8BB7F9E2 /* AppDelegate.swift */ = {isa = PBXFileReference; lastKnownFileType = sourcecode.swift; path = "Sources/MacNotch/App/AppDelegate.swift"; sourceTree = "<group>"; };
		87DE2596CBDD4602877A5181 /* MacNotchApp.swift */ = {isa = PBXFileReference; lastKnownFileType = sourcecode.swift; path = "Sources/MacNotch/App/MacNotchApp.swift"; sourceTree = "<group>"; };
		6C974167AFFA432BAD815C49 /* MenuBarManager.swift */ = {isa = PBXFileReference; lastKnownFileType = sourcecode.swift; path = "Sources/MacNotch/MenuBar/MenuBarManager.swift"; sourceTree = "<group>"; };
		CBFF4395782740A697782C0E /* AirDropService.swift */ = {isa = PBXFileReference; lastKnownFileType = sourcecode.swift; path = "Sources/MacNotch/Shared/AirDropService.swift"; sourceTree = "<group>"; };
		FEB918AA36C14C659F6BBA9F /* DesignSystem.swift */ = {isa = PBXFileReference; lastKnownFileType = sourcecode.swift; path = "Sources/MacNotch/Shared/DesignSystem.swift"; sourceTree = "<group>"; };
		7705C38DA5A9480DA71A00A8 /* Extensions.swift */ = {isa = PBXFileReference; lastKnownFileType = sourcecode.swift; path = "Sources/MacNotch/Shared/Extensions.swift"; sourceTree = "<group>"; };
		F4F3AFC507F647EBAE4AEAB4 /* CalendarView.swift */ = {isa = PBXFileReference; lastKnownFileType = sourcecode.swift; path = "Sources/MacNotch/Time/CalendarView.swift"; sourceTree = "<group>"; };
		C27E0CC1ECEF4C07BF825592 /* TimeService.swift */ = {isa = PBXFileReference; lastKnownFileType = sourcecode.swift; path = "Sources/MacNotch/Time/TimeService.swift"; sourceTree = "<group>"; };
		3F15D864DEEA4F4BB03CE827 /* TimeView.swift */ = {isa = PBXFileReference; lastKnownFileType = sourcecode.swift; path = "Sources/MacNotch/Time/TimeView.swift"; sourceTree = "<group>"; };
		F8183B47C5C4448698FE5159 /* TimerService.swift */ = {isa = PBXFileReference; lastKnownFileType = sourcecode.swift; path = "Sources/MacNotch/Time/TimerService.swift"; sourceTree = "<group>"; };
		C74C90AA63994A7094392CC6 /* TimerWidgetView.swift */ = {isa = PBXFileReference; lastKnownFileType = sourcecode.swift; path = "Sources/MacNotch/Time/TimerWidgetView.swift"; sourceTree = "<group>"; };
		20A05530FDA34A9D868D9536 /* WeatherModel.swift */ = {isa = PBXFileReference; lastKnownFileType = sourcecode.swift; path = "Sources/MacNotch/Weather/WeatherModel.swift"; sourceTree = "<group>"; };
		4FDD0894B7E44643A0E199FF /* WeatherService.swift */ = {isa = PBXFileReference; lastKnownFileType = sourcecode.swift; path = "Sources/MacNotch/Weather/WeatherService.swift"; sourceTree = "<group>"; };
		E4F6B31AA9EB435FBD6468F2 /* WeatherView.swift */ = {isa = PBXFileReference; lastKnownFileType = sourcecode.swift; path = "Sources/MacNotch/Weather/WeatherView.swift"; sourceTree = "<group>"; };
		1543723B887245D6A731218A /* FileShelfManager.swift */ = {isa = PBXFileReference; lastKnownFileType = sourcecode.swift; path = "Sources/MacNotch/Shelf/FileShelfManager.swift"; sourceTree = "<group>"; };
		46B1553306904F51B0B82206 /* FileShelfView.swift */ = {isa = PBXFileReference; lastKnownFileType = sourcecode.swift; path = "Sources/MacNotch/Shelf/FileShelfView.swift"; sourceTree = "<group>"; };
		0C9CDE479E1443A9BE9B9D2F /* JotterManager.swift */ = {isa = PBXFileReference; lastKnownFileType = sourcecode.swift; path = "Sources/MacNotch/Jotter/JotterManager.swift"; sourceTree = "<group>"; };
		1F1D1C1E841849E28C31072A /* JotterView.swift */ = {isa = PBXFileReference; lastKnownFileType = sourcecode.swift; path = "Sources/MacNotch/Jotter/JotterView.swift"; sourceTree = "<group>"; };
		4C71AFFE28824F4AB63D65B8 /* ClipboardCardView.swift */ = {isa = PBXFileReference; lastKnownFileType = sourcecode.swift; path = "Sources/MacNotch/Clipboard/ClipboardCardView.swift"; sourceTree = "<group>"; };
		CD19C5D6B3F342DCBFA7C48D /* ClipboardCategory.swift */ = {isa = PBXFileReference; lastKnownFileType = sourcecode.swift; path = "Sources/MacNotch/Clipboard/ClipboardCategory.swift"; sourceTree = "<group>"; };
		0CF7085645B5482E97872B7E /* ClipboardCategoryBar.swift */ = {isa = PBXFileReference; lastKnownFileType = sourcecode.swift; path = "Sources/MacNotch/Clipboard/ClipboardCategoryBar.swift"; sourceTree = "<group>"; };
		59A129693636498BB8A78811 /* ClipboardDetailView.swift */ = {isa = PBXFileReference; lastKnownFileType = sourcecode.swift; path = "Sources/MacNotch/Clipboard/ClipboardDetailView.swift"; sourceTree = "<group>"; };
		519342FCB19D4C12A7E9CFBE /* ClipboardDuplicatePolicy.swift */ = {isa = PBXFileReference; lastKnownFileType = sourcecode.swift; path = "Sources/MacNotch/Clipboard/ClipboardDuplicatePolicy.swift"; sourceTree = "<group>"; };
		5B7FA11D3FB142AAAB7BCE9F /* ClipboardItem.swift */ = {isa = PBXFileReference; lastKnownFileType = sourcecode.swift; path = "Sources/MacNotch/Clipboard/ClipboardItem.swift"; sourceTree = "<group>"; };
		A6AB384DB70C45328DC5334A /* ClipboardManager.swift */ = {isa = PBXFileReference; lastKnownFileType = sourcecode.swift; path = "Sources/MacNotch/Clipboard/ClipboardManager.swift"; sourceTree = "<group>"; };
		27931F447918478F960EFB35 /* ClipboardPreviewProvider.swift */ = {isa = PBXFileReference; lastKnownFileType = sourcecode.swift; path = "Sources/MacNotch/Clipboard/ClipboardPreviewProvider.swift"; sourceTree = "<group>"; };
		ACAB8A150A154D28AB7C4904 /* ClipboardSearchBar.swift */ = {isa = PBXFileReference; lastKnownFileType = sourcecode.swift; path = "Sources/MacNotch/Clipboard/ClipboardSearchBar.swift"; sourceTree = "<group>"; };
		57B40068B20E40629F2C6E5F /* ClipboardSearchEngine.swift */ = {isa = PBXFileReference; lastKnownFileType = sourcecode.swift; path = "Sources/MacNotch/Clipboard/ClipboardSearchEngine.swift"; sourceTree = "<group>"; };
		8087B125DB784D31B9AEEAC1 /* ClipboardStore.swift */ = {isa = PBXFileReference; lastKnownFileType = sourcecode.swift; path = "Sources/MacNotch/Clipboard/ClipboardStore.swift"; sourceTree = "<group>"; };
		1C85F1D597D44A2E9BBBEB88 /* ClipboardView.swift */ = {isa = PBXFileReference; lastKnownFileType = sourcecode.swift; path = "Sources/MacNotch/Clipboard/ClipboardView.swift"; sourceTree = "<group>"; };
		4773DCDAD54A4587938E4EEE /* Info.plist */ = {isa = PBXFileReference; lastKnownFileType = text.plist.xml; path = "SupportingFiles/Info.plist"; sourceTree = "<group>"; };
		9D7E530C4FE446119F2552DE /* MacNotch.entitlements */ = {isa = PBXFileReference; lastKnownFileType = text.plist.entitlements; path = "SupportingFiles/MacNotch.entitlements"; sourceTree = "<group>"; };
		544438975FE24F549ED916D1 /* AppIcon.icns */ = {isa = PBXFileReference; lastKnownFileType = image.icns; path = "SupportingFiles/AppIcon.icns"; sourceTree = "<group>"; };
		0A854159921E4AFCBB72DDE4 /* MacNotch.app */ = {isa = PBXFileReference; explicitFileType = wrapper.application; includeInIndex = 0; path = MacNotch.app; sourceTree = BUILT_PRODUCTS_DIR; };
/* End PBXFileReference section */

/* Begin PBXFrameworksBuildPhase section */
		778117C7BD05444BB2186B32 /* Frameworks */ = {
			isa = PBXFrameworksBuildPhase;
			buildActionMask = 2147483647;
			files = (
			);
			runOnlyForDeploymentPostprocessing = 0;
		};
/* End PBXFrameworksBuildPhase section */

/* Begin PBXGroup section */
		959A1688647E41E29073FE25 = {
			isa = PBXGroup;
			children = (
				3DC8CF78BE0645EDBE6A4963 /* Sources */,
				829DBFF88F304B9D8BA42BF3 /* SupportingFiles */,
				728A001137664EF6BAF832E6 /* Products */,
			);
			sourceTree = "<group>";
		};
		3DC8CF78BE0645EDBE6A4963 /* Sources */ = {
			isa = PBXGroup;
			children = (
				8DA73B3449CC4A1190796516 /* CollapsedNotchView.swift */,
				42E6D2BCB8394C199379E3D8 /* ExpandedNotchView.swift */,
				DF9FC4C58236494FB6254FB4 /* NotchHUDView.swift */,
				A9AB3BCE7ED14C81AA99AE05 /* NotchPanel.swift */,
				53A24FE2CD5249EC933DE3B6 /* NotchShape.swift */,
				4720A954E858468A8C230ADC /* NotchView.swift */,
				BE99090C4B6C422CB3C46372 /* MediaRemoteNowPlayingProvider.swift */,
				0474B22A6C944D7F84F82FFC /* MusicStudioListView.swift */,
				AE339CB021584D98A0CEE060 /* MusicStudioNowPlayingProvider.swift */,
				37A7133EE7BE46DA8EB85186 /* MusicView.swift */,
				4C763E5766D24396BEBAC2AE /* NowPlayingService.swift */,
				0F80ED4F14674096885B2ABC /* SystemNowPlayingService.swift */,
				2CE79104CD0645C697C76486 /* Track.swift */,
				DA0F8568E2064BCCBE1632BE /* WaveformVisualizerView.swift */,
				FEAE26D86A1740C5B8CB647B /* SettingsStore.swift */,
				630CF68A06424EAEB5C2C589 /* SettingsView.swift */,
				6AFDD610309B49139DA22CAB /* SettingsWindowController.swift */,
				418C5B94C1214137B29542E7 /* ColorSamplerService.swift */,
				5DB414FD5DB14362B567EE81 /* PowerToolsView.swift */,
				25BEE42527844EDDBA0DF2E0 /* QRCodeService.swift */,
				73B88330C2A745A6979FC2FD /* ScreenOCRService.swift */,
				53D1EDC403644E9881F0DB55 /* CalendarSyncService.swift */,
				993258998A384371AF64DE17 /* AppState.swift */,
				E6BA97046DF64AFB8886A5B6 /* BatteryService.swift */,
				1C2FAAA124D74EA597B5E214 /* BluetoothAccessoryService.swift */,
				67915A732E8441ECA5E3D834 /* CoordinateConverter.swift */,
				CC895BC3D8664C3CBCD6934B /* DisplayCapabilities.swift */,
				52C0F3DDD6E540F99A04426E /* GeometryOverlayWindow.swift */,
				7140D678079E47DC824F5F87 /* HardwareBrightnessService.swift */,
				36450D309D23431D974DEC9E /* MouseTracker.swift */,
				4DF0390140E54F17A49C1A6F /* NotchDetector.swift */,
				349BD0B7470B450A9453D84B /* NotchGeometry.swift */,
				FA5B83C307DF4312A8BDBA51 /* ScreenManager.swift */,
				EEBA047FF4E74ADCAC47D78B /* SystemHUDService.swift */,
				560C5900757145BFA258F11E /* WindowManager.swift */,
				CE0716B6D00A4F5D8BB7F9E2 /* AppDelegate.swift */,
				87DE2596CBDD4602877A5181 /* MacNotchApp.swift */,
				6C974167AFFA432BAD815C49 /* MenuBarManager.swift */,
				CBFF4395782740A697782C0E /* AirDropService.swift */,
				FEB918AA36C14C659F6BBA9F /* DesignSystem.swift */,
				7705C38DA5A9480DA71A00A8 /* Extensions.swift */,
				F4F3AFC507F647EBAE4AEAB4 /* CalendarView.swift */,
				C27E0CC1ECEF4C07BF825592 /* TimeService.swift */,
				3F15D864DEEA4F4BB03CE827 /* TimeView.swift */,
				F8183B47C5C4448698FE5159 /* TimerService.swift */,
				C74C90AA63994A7094392CC6 /* TimerWidgetView.swift */,
				20A05530FDA34A9D868D9536 /* WeatherModel.swift */,
				4FDD0894B7E44643A0E199FF /* WeatherService.swift */,
				E4F6B31AA9EB435FBD6468F2 /* WeatherView.swift */,
				1543723B887245D6A731218A /* FileShelfManager.swift */,
				46B1553306904F51B0B82206 /* FileShelfView.swift */,
				0C9CDE479E1443A9BE9B9D2F /* JotterManager.swift */,
				1F1D1C1E841849E28C31072A /* JotterView.swift */,
				4C71AFFE28824F4AB63D65B8 /* ClipboardCardView.swift */,
				CD19C5D6B3F342DCBFA7C48D /* ClipboardCategory.swift */,
				0CF7085645B5482E97872B7E /* ClipboardCategoryBar.swift */,
				59A129693636498BB8A78811 /* ClipboardDetailView.swift */,
				519342FCB19D4C12A7E9CFBE /* ClipboardDuplicatePolicy.swift */,
				5B7FA11D3FB142AAAB7BCE9F /* ClipboardItem.swift */,
				A6AB384DB70C45328DC5334A /* ClipboardManager.swift */,
				27931F447918478F960EFB35 /* ClipboardPreviewProvider.swift */,
				ACAB8A150A154D28AB7C4904 /* ClipboardSearchBar.swift */,
				57B40068B20E40629F2C6E5F /* ClipboardSearchEngine.swift */,
				8087B125DB784D31B9AEEAC1 /* ClipboardStore.swift */,
				1C85F1D597D44A2E9BBBEB88 /* ClipboardView.swift */,
			);
			name = Sources;
			sourceTree = "<group>";
		};
		829DBFF88F304B9D8BA42BF3 /* SupportingFiles */ = {
			isa = PBXGroup;
			children = (
				4773DCDAD54A4587938E4EEE /* Info.plist */,
				9D7E530C4FE446119F2552DE /* MacNotch.entitlements */,
				544438975FE24F549ED916D1 /* AppIcon.icns */,
			);
			name = SupportingFiles;
			sourceTree = "<group>";
		};
		728A001137664EF6BAF832E6 /* Products */ = {
			isa = PBXGroup;
			children = (
				0A854159921E4AFCBB72DDE4 /* MacNotch.app */,
			);
			name = Products;
			sourceTree = "<group>";
		};
/* End PBXGroup section */

/* Begin PBXNativeTarget section */
		054BF07B93A9498CBE825195 /* MacNotch */ = {
			isa = PBXNativeTarget;
			buildConfigurationList = B4A4D594EF6A4920A1DF9014 /* Build configuration list for PBXNativeTarget "MacNotch" */;
			buildPhases = (
				5D3A13DB3BDD4BA087870136 /* Sources */,
				778117C7BD05444BB2186B32 /* Frameworks */,
				AE3EB5EBB8A24CBB98FE0669 /* Resources */,
			);
			buildRules = (
			);
			dependencies = (
			);
			name = MacNotch;
			productName = MacNotch;
			productReference = 0A854159921E4AFCBB72DDE4 /* MacNotch.app */;
			productType = "com.apple.product-type.application";
		};
/* End PBXNativeTarget section */

/* Begin PBXProject section */
		078B106487734C09881D4D58 /* Project object */ = {
			isa = PBXProject;
			attributes = {
				BuildIndependentTargetsInParallel = 1;
				LastSwiftUpdateCheck = 1600;
				LastUpgradeCheck = 1600;
				TargetAttributes = {
					054BF07B93A9498CBE825195 = {
						CreatedOnToolsVersion = 16.0;
					};
				};
			};
			buildConfigurationList = B7938557C8FC4F3DA60AACBB /* Build configuration list for PBXProject "MacNotch" */;
			compatibilityVersion = "Xcode 14.0";
			developmentRegion = en;
			hasScannedForEncodings = 0;
			knownRegions = (
				en,
				Base,
			);
			mainGroup = 959A1688647E41E29073FE25;
			productRefGroup = 728A001137664EF6BAF832E6 /* Products */;
			projectDirPath = "";
			projectRoot = "";
			targets = (
				054BF07B93A9498CBE825195 /* MacNotch */,
			);
		};
/* End PBXProject section */

/* Begin PBXResourcesBuildPhase section */
		AE3EB5EBB8A24CBB98FE0669 /* Resources */ = {
			isa = PBXResourcesBuildPhase;
			buildActionMask = 2147483647;
			files = (
				068ED55CDAC4490683815DBE /* AppIcon.icns in Resources */,
			);
			runOnlyForDeploymentPostprocessing = 0;
		};
/* End PBXResourcesBuildPhase section */

/* Begin PBXSourcesBuildPhase section */
		5D3A13DB3BDD4BA087870136 /* Sources */ = {
			isa = PBXSourcesBuildPhase;
			buildActionMask = 2147483647;
			files = (
				71603332A7A9477AA94F5668 /* CollapsedNotchView.swift in Sources */,
				1ACE658F1F3A468691A847BE /* ExpandedNotchView.swift in Sources */,
				499F44EC435D425AA43F9929 /* NotchHUDView.swift in Sources */,
				D63162D22D2844D5985F129E /* NotchPanel.swift in Sources */,
				E31BD34D702F43C1BFCD1FE5 /* NotchShape.swift in Sources */,
				E7E86F408B4045FCA58C6B15 /* NotchView.swift in Sources */,
				874D2FF2E5724D638745B540 /* MediaRemoteNowPlayingProvider.swift in Sources */,
				C1D1E72D6D6A4EA7B1C8C409 /* MusicStudioListView.swift in Sources */,
				3DC3857EEAD640398B90A522 /* MusicStudioNowPlayingProvider.swift in Sources */,
				A11C8F9943B742848F11896F /* MusicView.swift in Sources */,
				9138D207439143BEAEE81908 /* NowPlayingService.swift in Sources */,
				E5C53289E29540C39BC8A455 /* SystemNowPlayingService.swift in Sources */,
				C595CFFFC6104C05A902FE84 /* Track.swift in Sources */,
				5CAC3A2D092A4E438169DC9F /* WaveformVisualizerView.swift in Sources */,
				5A7F99AA6B3F4EAAAB4B1CB5 /* SettingsStore.swift in Sources */,
				F6B2FEFAC0E4447A9130EFBA /* SettingsView.swift in Sources */,
				DA0A3B4EF53C42EFB7968EC9 /* SettingsWindowController.swift in Sources */,
				779ADF26DD394DC9945DE62B /* ColorSamplerService.swift in Sources */,
				F56D3BF5711A49968D352416 /* PowerToolsView.swift in Sources */,
				8AE75CF9574046A9B27DC9B3 /* QRCodeService.swift in Sources */,
				EC8CD5FDF3FD4B578EC29B73 /* ScreenOCRService.swift in Sources */,
				B4453D0C98CA48E3B5E67566 /* CalendarSyncService.swift in Sources */,
				8263D736AC0548A1844D9888 /* AppState.swift in Sources */,
				7A32B9D0B63C49229C8A2B6E /* BatteryService.swift in Sources */,
				F4D89B19F98D4436B62D7A09 /* BluetoothAccessoryService.swift in Sources */,
				D3145D32D50A4C3B9E8D695E /* CoordinateConverter.swift in Sources */,
				6BEF2D9623734A7ABDBF6F08 /* DisplayCapabilities.swift in Sources */,
				C1B4FBB8A2D9413A8A899E29 /* GeometryOverlayWindow.swift in Sources */,
				C9E57AB5BB604235988AB96E /* HardwareBrightnessService.swift in Sources */,
				7D3E7FE4448D48BF9BCAE04A /* MouseTracker.swift in Sources */,
				01CA3FD0CEF048DCA7B525DA /* NotchDetector.swift in Sources */,
				CC61EC8A59E446D8AB4B98C0 /* NotchGeometry.swift in Sources */,
				6E2DF61CCACF482494251408 /* ScreenManager.swift in Sources */,
				5D612C48E12D43C5AEA0AD41 /* SystemHUDService.swift in Sources */,
				FDE9B0DF317B40D58DA27E58 /* WindowManager.swift in Sources */,
				8C141ED1DEE346E788889513 /* AppDelegate.swift in Sources */,
				676FA8B56A144D8DB3884969 /* MacNotchApp.swift in Sources */,
				57583CB263594BE99E460D45 /* MenuBarManager.swift in Sources */,
				8461E749B5E647D2849CCFC5 /* AirDropService.swift in Sources */,
				286FD3D136FC4F5AA9234B26 /* DesignSystem.swift in Sources */,
				6F6D055C63E34B03B04EF073 /* Extensions.swift in Sources */,
				9C94031B4AC74E0F9CD811CB /* CalendarView.swift in Sources */,
				6DDC418FD6C84C5D81364319 /* TimeService.swift in Sources */,
				3EE54A98C30743A3829A8A1A /* TimeView.swift in Sources */,
				F914BD1A79FF4A93B2C1FF99 /* TimerService.swift in Sources */,
				7CDB5334835A4780AD83F41A /* TimerWidgetView.swift in Sources */,
				0CA6F48D3DD04BC7B85C3F49 /* WeatherModel.swift in Sources */,
				2B19A7043EB34E32A015183D /* WeatherService.swift in Sources */,
				CECA8479E40545A08D437262 /* WeatherView.swift in Sources */,
				4EDD541EEECF40EAAC0156F4 /* FileShelfManager.swift in Sources */,
				E701A4F89C2047CC8F334387 /* FileShelfView.swift in Sources */,
				9AD8FBCD0BF7407CBBCEF3A8 /* JotterManager.swift in Sources */,
				512F4EDA64F84556B3262E2F /* JotterView.swift in Sources */,
				C918011E47EA4BE3B42DB052 /* ClipboardCardView.swift in Sources */,
				BDD5665DB38E4BC2B80F1636 /* ClipboardCategory.swift in Sources */,
				9C2C1B960DC948308CECD596 /* ClipboardCategoryBar.swift in Sources */,
				7EC3E1744E144953AC585568 /* ClipboardDetailView.swift in Sources */,
				85CEE97F2B55400884A7DFF1 /* ClipboardDuplicatePolicy.swift in Sources */,
				A4BD28E1A700451182B9E818 /* ClipboardItem.swift in Sources */,
				92846CE608A64EF589648D7F /* ClipboardManager.swift in Sources */,
				8F45DE7B43E2465D86905FED /* ClipboardPreviewProvider.swift in Sources */,
				2A0A85EA5C4B4D80BF673E3F /* ClipboardSearchBar.swift in Sources */,
				2D06B99FCC2741258797CD2A /* ClipboardSearchEngine.swift in Sources */,
				434D3FFE3C61488A928F9A98 /* ClipboardStore.swift in Sources */,
				2E14E08D4A42438E8F0B4BCD /* ClipboardView.swift in Sources */,
			);
			runOnlyForDeploymentPostprocessing = 0;
		};
/* End PBXSourcesBuildPhase section */

/* Begin XCBuildConfiguration section */
		7FD1B0DC16324319B141FC5D /* Debug */ = {
			isa = XCBuildConfiguration;
			buildSettings = {
				ALWAYS_SEARCH_USER_PATHS = NO;
				CLANG_ANALYZER_NONNULL = YES;
				CLANG_ANALYZER_NUMBER_OBJECT_CONVERSION = YES_AGGRESSIVE;
				CLANG_CXX_LANGUAGE_STANDARD = "gnu++20";
				CLANG_ENABLE_MODULES = YES;
				CLANG_ENABLE_OBJC_ARC = YES;
				CLANG_WARN_BLOCK_CAPTURE_AUTORELEASING = YES;
				CLANG_WARN_BOOL_CONVERSION = YES;
				CLANG_WARN_COMMA = YES;
				CLANG_WARN_CONSTANT_CONVERSION = YES;
				CLANG_WARN_DIRECT_OBJC_ISA_USAGE = YES_ERROR;
				CLANG_WARN_DOCUMENTATION_COMMENTS = YES;
				CLANG_WARN_EMPTY_BODY = YES;
				CLANG_WARN_ENUM_CONVERSION = YES;
				CLANG_WARN_INFINITE_RECURSION = YES;
				CLANG_WARN_INT_CONVERSION = YES;
				CLANG_WARN_NON_LITERAL_NULL_CONVERSION = YES;
				CLANG_WARN_OBJC_LITERAL_CONVERSION = YES;
				CLANG_WARN_OBJC_ROOT_CLASS = YES_ERROR;
				CLANG_WARN_QUOTED_INCLUDE_IN_FRAMEWORK_HEADER = YES;
				CLANG_WARN_RANGE_LOOP_ANALYSIS = YES;
				CLANG_WARN_STRICT_PROTOTYPES = YES;
				CLANG_WARN_SUSPICIOUS_MOVE = YES;
				CLANG_WARN_UNGUARDED_AVAILABILITY = YES_AGGRESSIVE;
				CLANG_WARN_UNREACHABLE_CODE = YES;
				CLANG_WARN__DUPLICATE_METHOD_MATCH = YES;
				COPY_PHASE_STRIP = NO;
				DEBUG_INFORMATION_FORMAT = dwarf;
				ENABLE_STRICT_OBJC_MSGSEND = YES;
				ENABLE_TESTABILITY = YES;
				GCC_C_LANGUAGE_STANDARD = gnu17;
				GCC_DYNAMIC_NO_PIC = NO;
				GCC_NO_COMMON_BLOCKS = YES;
				GCC_OPTIMIZATION_LEVEL = 0;
				GCC_PREPROCESSOR_DEFINITIONS = (
					"DEBUG=1",
					"$(inherited)",
				);
				GCC_WARN_64_TO_32_BIT_CONVERSION = YES;
				GCC_WARN_ABOUT_RETURN_TYPE = YES_ERROR;
				GCC_WARN_UNDEFINED_MACROS = YES;
				GCC_WARN_UNINITIALIZED_AUTOS = YES_AGGRESSIVE;
				GCC_WARN_UNUSED_FUNCTION = YES;
				GCC_WARN_UNUSED_VARIABLE = YES;
				MACOSX_DEPLOYMENT_TARGET = 14.0;
				MTL_ENABLE_DEBUG_INFO = INCLUDE_SOURCE;
				MTL_FAST_MATH = YES;
				ARCHS = "$(ARCHS_STANDARD)";
				ONLY_ACTIVE_ARCH = NO;
				SDKROOT = macosx;
				SWIFT_ACTIVE_COMPILATION_CONDITIONS = "DEBUG $(inherited)";
				SWIFT_OPTIMIZATION_LEVEL = "-Onone";
				SWIFT_VERSION = 5.0;
			};
			name = Debug;
		};
		E93315B1B0CA4A8AAD0860D1 /* Release */ = {
			isa = XCBuildConfiguration;
			buildSettings = {
				ALWAYS_SEARCH_USER_PATHS = NO;
				CLANG_ANALYZER_NONNULL = YES;
				CLANG_ANALYZER_NUMBER_OBJECT_CONVERSION = YES_AGGRESSIVE;
				CLANG_CXX_LANGUAGE_STANDARD = "gnu++20";
				CLANG_ENABLE_MODULES = YES;
				CLANG_ENABLE_OBJC_ARC = YES;
				CLANG_WARN_BLOCK_CAPTURE_AUTORELEASING = YES;
				CLANG_WARN_BOOL_CONVERSION = YES;
				CLANG_WARN_COMMA = YES;
				CLANG_WARN_CONSTANT_CONVERSION = YES;
				CLANG_WARN_DIRECT_OBJC_ISA_USAGE = YES_ERROR;
				CLANG_WARN_DOCUMENTATION_COMMENTS = YES;
				CLANG_WARN_EMPTY_BODY = YES;
				CLANG_WARN_ENUM_CONVERSION = YES;
				CLANG_WARN_INFINITE_RECURSION = YES;
				CLANG_WARN_INT_CONVERSION = YES;
				CLANG_WARN_NON_LITERAL_NULL_CONVERSION = YES;
				CLANG_WARN_OBJC_LITERAL_CONVERSION = YES;
				CLANG_WARN_OBJC_ROOT_CLASS = YES_ERROR;
				CLANG_WARN_QUOTED_INCLUDE_IN_FRAMEWORK_HEADER = YES;
				CLANG_WARN_RANGE_LOOP_ANALYSIS = YES;
				CLANG_WARN_STRICT_PROTOTYPES = YES;
				CLANG_WARN_SUSPICIOUS_MOVE = YES;
				CLANG_WARN_UNGUARDED_AVAILABILITY = YES_AGGRESSIVE;
				CLANG_WARN_UNREACHABLE_CODE = YES;
				CLANG_WARN__DUPLICATE_METHOD_MATCH = YES;
				COPY_PHASE_STRIP = NO;
				DEBUG_INFORMATION_FORMAT = "dwarf-with-dsym";
				ENABLE_NS_ASSERTIONS = NO;
				ENABLE_STRICT_OBJC_MSGSEND = YES;
				GCC_C_LANGUAGE_STANDARD = gnu17;
				GCC_NO_COMMON_BLOCKS = YES;
				GCC_WARN_64_TO_32_BIT_CONVERSION = YES;
				GCC_WARN_ABOUT_RETURN_TYPE = YES_ERROR;
				GCC_WARN_UNDEFINED_MACROS = YES;
				GCC_WARN_UNINITIALIZED_AUTOS = YES_AGGRESSIVE;
				GCC_WARN_UNUSED_FUNCTION = YES;
				GCC_WARN_UNUSED_VARIABLE = YES;
				MACOSX_DEPLOYMENT_TARGET = 14.0;
				MTL_ENABLE_DEBUG_INFO = NO;
				MTL_FAST_MATH = YES;
				ARCHS = "$(ARCHS_STANDARD)";
				SDKROOT = macosx;
				SWIFT_COMPILATION_MODE = "wholemodule";
				SWIFT_OPTIMIZATION_LEVEL = "-O";
				SWIFT_VERSION = 5.0;
			};
			name = Release;
		};
		0FAD90A3EBE04E28B9C10BD6 /* Debug */ = {
			isa = XCBuildConfiguration;
			buildSettings = {
				ASSETCATALOG_COMPILER_APPICON_NAME = AppIcon;
				CODE_SIGN_ENTITLEMENTS = "SupportingFiles/MacNotch.entitlements";
				CODE_SIGN_IDENTITY = "-";
				CODE_SIGN_STYLE = Manual;
				CURRENT_PROJECT_VERSION = 1;
				ENABLE_PREVIEWS = YES;
				GENERATE_INFOPLIST_FILE = NO;
				INFOPLIST_FILE = "SupportingFiles/Info.plist";
				LD_RUNPATH_SEARCH_PATHS = (
					"$(inherited)",
					"@executable_path/../Frameworks",
				);
				MARKETING_VERSION = 1.0.0;
				PRODUCT_BUNDLE_IDENTIFIER = com.sahasbelbase.MacNotch;
				PRODUCT_NAME = "$(TARGET_NAME)";
				SWIFT_EMIT_LOC_STRINGS = YES;
			};
			name = Debug;
		};
		345E55D585D14154A9BD6589 /* Release */ = {
			isa = XCBuildConfiguration;
			buildSettings = {
				ASSETCATALOG_COMPILER_APPICON_NAME = AppIcon;
				CODE_SIGN_ENTITLEMENTS = "SupportingFiles/MacNotch.entitlements";
				CODE_SIGN_IDENTITY = "-";
				CODE_SIGN_STYLE = Manual;
				CURRENT_PROJECT_VERSION = 1;
				ENABLE_PREVIEWS = YES;
				GENERATE_INFOPLIST_FILE = NO;
				INFOPLIST_FILE = "SupportingFiles/Info.plist";
				LD_RUNPATH_SEARCH_PATHS = (
					"$(inherited)",
					"@executable_path/../Frameworks",
				);
				MARKETING_VERSION = 1.0.0;
				PRODUCT_BUNDLE_IDENTIFIER = com.sahasbelbase.MacNotch;
				PRODUCT_NAME = "$(TARGET_NAME)";
				SWIFT_EMIT_LOC_STRINGS = YES;
			};
			name = Release;
		};
/* End XCBuildConfiguration section */

/* Begin XCConfigurationList section */
		B7938557C8FC4F3DA60AACBB /* Build configuration list for PBXProject "MacNotch" */ = {
			isa = XCConfigurationList;
			buildConfigurations = (
				7FD1B0DC16324319B141FC5D /* Debug */,
				E93315B1B0CA4A8AAD0860D1 /* Release */,
			);
			defaultConfigurationIsVisible = 0;
			defaultConfigurationName = Release;
		};
		B4A4D594EF6A4920A1DF9014 /* Build configuration list for PBXNativeTarget "MacNotch" */ = {
			isa = XCConfigurationList;
			buildConfigurations = (
				0FAD90A3EBE04E28B9C10BD6 /* Debug */,
				345E55D585D14154A9BD6589 /* Release */,
			);
			defaultConfigurationIsVisible = 0;
			defaultConfigurationName = Release;
		};
/* End XCConfigurationList section */

	};
	rootObject = 078B106487734C09881D4D58 /* Project object */;
}
